// !$*UTF8*$!
{
	archiveVersion = 1;
	classes = {
	};
	objectVersion = 56;
	objects = {

/* Begin PBXBuildFile section */
		930B2E9E2B667B3D00BEB7B7 /* AccountFeature.swift in Sources */ = {isa = PBXBuildFile; fileRef = 930B2E9D2B667B3D00BEB7B7 /* AccountFeature.swift */; };
		930B2EA02B667B5900BEB7B7 /* AccountFeature+Action.swift in Sources */ = {isa = PBXBuildFile; fileRef = 930B2E9F2B667B5900BEB7B7 /* AccountFeature+Action.swift */; };
		930B2EA22B667BA600BEB7B7 /* AccountFeature+State.swift in Sources */ = {isa = PBXBuildFile; fileRef = 930B2EA12B667BA600BEB7B7 /* AccountFeature+State.swift */; };
		930B2EAA2B6694F400BEB7B7 /* SettingsFeature.swift in Sources */ = {isa = PBXBuildFile; fileRef = 930B2EA92B6694F400BEB7B7 /* SettingsFeature.swift */; };
		930B2EAC2B66952800BEB7B7 /* SettingsFeature+Action.swift in Sources */ = {isa = PBXBuildFile; fileRef = 930B2EAB2B66952800BEB7B7 /* SettingsFeature+Action.swift */; };
		930B2EAE2B66957800BEB7B7 /* SettingsFeature+State.swift in Sources */ = {isa = PBXBuildFile; fileRef = 930B2EAD2B66957800BEB7B7 /* SettingsFeature+State.swift */; };
		930B2EB32B68506D00BEB7B7 /* Factory in Frameworks */ = {isa = PBXBuildFile; productRef = 930B2EB22B68506D00BEB7B7 /* Factory */; };
		9312DEF62B9AF87800C3D441 /* CurrencyTransactionType.swift in Sources */ = {isa = PBXBuildFile; fileRef = 9312DEF52B9AF87800C3D441 /* CurrencyTransactionType.swift */; };
		9312DEF82B9AF89000C3D441 /* MainCurrencyState.swift in Sources */ = {isa = PBXBuildFile; fileRef = 9312DEF72B9AF89000C3D441 /* MainCurrencyState.swift */; };
		9312DEFD2B9AF8F400C3D441 /* MainFeature.swift in Sources */ = {isa = PBXBuildFile; fileRef = 9312DEFC2B9AF8F400C3D441 /* MainFeature.swift */; };
		9312DEFF2B9B001800C3D441 /* GlobalCurrencySymbols.swift in Sources */ = {isa = PBXBuildFile; fileRef = 9312DEFE2B9B001800C3D441 /* GlobalCurrencySymbols.swift */; };
		9312DF022B9B1D5E00C3D441 /* MainFeature+State.swift in Sources */ = {isa = PBXBuildFile; fileRef = 9312DF012B9B1D5E00C3D441 /* MainFeature+State.swift */; };
		9312DF052B9B1D9200C3D441 /* MainFeature+Action.swift in Sources */ = {isa = PBXBuildFile; fileRef = 9312DF042B9B1D9200C3D441 /* MainFeature+Action.swift */; };
		9312DF102B9B208800C3D441 /* CurrencyConverterView.swift in Sources */ = {isa = PBXBuildFile; fileRef = 9312DF0F2B9B208800C3D441 /* CurrencyConverterView.swift */; };
		9312DF132B9B209700C3D441 /* CurrencyConverterFeature.swift in Sources */ = {isa = PBXBuildFile; fileRef = 9312DF122B9B209700C3D441 /* CurrencyConverterFeature.swift */; };
		9312DF162B9B346000C3D441 /* TransactionType.swift in Sources */ = {isa = PBXBuildFile; fileRef = 9312DF152B9B346000C3D441 /* TransactionType.swift */; };
		93335A692BA4560A001F1610 /* ContactDetailView.swift in Sources */ = {isa = PBXBuildFile; fileRef = 93335A682BA4560A001F1610 /* ContactDetailView.swift */; };
		93335A6D2BA45F3D001F1610 /* ContactsView.swift in Sources */ = {isa = PBXBuildFile; fileRef = 93335A6C2BA45F3D001F1610 /* ContactsView.swift */; };
		93335A702BA45F56001F1610 /* Contact.swift in Sources */ = {isa = PBXBuildFile; fileRef = 93335A6F2BA45F56001F1610 /* Contact.swift */; };
		93335A772BA465FD001F1610 /* AddContactView.swift in Sources */ = {isa = PBXBuildFile; fileRef = 93335A762BA465FD001F1610 /* AddContactView.swift */; };
		93335A792BA490FA001F1610 /* ContactsFeature+Destination.swift in Sources */ = {isa = PBXBuildFile; fileRef = 93335A782BA490FA001F1610 /* ContactsFeature+Destination.swift */; };
		93335A822BA6DE99001F1610 /* CurrencyConverterFeature+State.swift in Sources */ = {isa = PBXBuildFile; fileRef = 93335A812BA6DE99001F1610 /* CurrencyConverterFeature+State.swift */; };
		93335A842BA6DEA1001F1610 /* CurrencyConverterFeature+Action.swift in Sources */ = {isa = PBXBuildFile; fileRef = 93335A832BA6DEA1001F1610 /* CurrencyConverterFeature+Action.swift */; };
		93335A862BA750F4001F1610 /* ContactsFeature+Action.swift in Sources */ = {isa = PBXBuildFile; fileRef = 93335A852BA750F4001F1610 /* ContactsFeature+Action.swift */; };
		93335A892BA750FA001F1610 /* ContactsFeature+State.swift in Sources */ = {isa = PBXBuildFile; fileRef = 93335A882BA750FA001F1610 /* ContactsFeature+State.swift */; };
		93335A8C2BA7511B001F1610 /* ContactsFeature.swift in Sources */ = {isa = PBXBuildFile; fileRef = 93335A8B2BA7511B001F1610 /* ContactsFeature.swift */; };
		93335A8E2BA751BC001F1610 /* AddContactFeature.swift in Sources */ = {isa = PBXBuildFile; fileRef = 93335A8D2BA751BC001F1610 /* AddContactFeature.swift */; };
		93335A922BA751F2001F1610 /* AddContactFeature+Action.swift in Sources */ = {isa = PBXBuildFile; fileRef = 93335A912BA751F2001F1610 /* AddContactFeature+Action.swift */; };
		93335A942BA751FB001F1610 /* AddContactFeature+State.swift in Sources */ = {isa = PBXBuildFile; fileRef = 93335A932BA751FB001F1610 /* AddContactFeature+State.swift */; };
		93335A972BA75313001F1610 /* ContactDetailFeature.swift in Sources */ = {isa = PBXBuildFile; fileRef = 93335A962BA75313001F1610 /* ContactDetailFeature.swift */; };
		93335A9B2BA7532A001F1610 /* ContactDetailFeature+Action.swift in Sources */ = {isa = PBXBuildFile; fileRef = 93335A9A2BA7532A001F1610 /* ContactDetailFeature+Action.swift */; };
		93335A9D2BA75331001F1610 /* ContactDetailFeature+State.swift in Sources */ = {isa = PBXBuildFile; fileRef = 93335A9C2BA75331001F1610 /* ContactDetailFeature+State.swift */; };
		93373EC82B88F40800975A6B /* TestFeatureServices.swift in Sources */ = {isa = PBXBuildFile; fileRef = 93373EC72B88F40800975A6B /* TestFeatureServices.swift */; };
		9338604B2B8BCA4B0062DBC0 /* CurrencyRateCell.swift in Sources */ = {isa = PBXBuildFile; fileRef = 9338604A2B8BCA4B0062DBC0 /* CurrencyRateCell.swift */; };
		93517C3B2B88CBB7009252E9 /* TestFeature.swift in Sources */ = {isa = PBXBuildFile; fileRef = 93517C3A2B88CBB7009252E9 /* TestFeature.swift */; };
		93517C3F2B88CC3E009252E9 /* TestFeature+Action.swift in Sources */ = {isa = PBXBuildFile; fileRef = 93517C3E2B88CC3E009252E9 /* TestFeature+Action.swift */; };
		93517C412B88CCA2009252E9 /* TestFeature+State.swift in Sources */ = {isa = PBXBuildFile; fileRef = 93517C402B88CCA2009252E9 /* TestFeature+State.swift */; };
		93517C432B88CD99009252E9 /* TestView.swift in Sources */ = {isa = PBXBuildFile; fileRef = 93517C422B88CD99009252E9 /* TestView.swift */; };
		93517C462B88D77C009252E9 /* SettingsFeatureServices.swift in Sources */ = {isa = PBXBuildFile; fileRef = 93517C452B88D77C009252E9 /* SettingsFeatureServices.swift */; };
		93517C492B88D863009252E9 /* AccountFeatureServices.swift in Sources */ = {isa = PBXBuildFile; fileRef = 93517C482B88D863009252E9 /* AccountFeatureServices.swift */; };
		9357D9FE2B5D2EFC0097673C /* AppScreen.swift in Sources */ = {isa = PBXBuildFile; fileRef = 9357D9FD2B5D2EFC0097673C /* AppScreen.swift */; };
		9357DA002B5D31770097673C /* AppTabView.swift in Sources */ = {isa = PBXBuildFile; fileRef = 9357D9FF2B5D31770097673C /* AppTabView.swift */; };
		9357DA022B5D78BD0097673C /* AppSidebarList.swift in Sources */ = {isa = PBXBuildFile; fileRef = 9357DA012B5D78BD0097673C /* AppSidebarList.swift */; };
		9357DA042B5D7AC30097673C /* AppDetailColumn.swift in Sources */ = {isa = PBXBuildFile; fileRef = 9357DA032B5D7AC30097673C /* AppDetailColumn.swift */; };
		9357DA092B5D9A7E0097673C /* MainViewOld.swift in Sources */ = {isa = PBXBuildFile; fileRef = 9357DA082B5D9A7E0097673C /* MainViewOld.swift */; };
		9357DA0B2B5D9B4F0097673C /* CurrencyRateView.swift in Sources */ = {isa = PBXBuildFile; fileRef = 9357DA0A2B5D9B4F0097673C /* CurrencyRateView.swift */; };
		9357DA0D2B5D9B900097673C /* FavoritesView.swift in Sources */ = {isa = PBXBuildFile; fileRef = 9357DA0C2B5D9B900097673C /* FavoritesView.swift */; };
		9357DA102B6065120097673C /* AccountView.swift in Sources */ = {isa = PBXBuildFile; fileRef = 9357DA0F2B6065120097673C /* AccountView.swift */; };
		9357DA162B6066F80097673C /* SettingsView.swift in Sources */ = {isa = PBXBuildFile; fileRef = 9357DA152B6066F80097673C /* SettingsView.swift */; };
		9357DA662B63CEB30097673C /* ComposableArchitecture in Frameworks */ = {isa = PBXBuildFile; productRef = 9357DA652B63CEB30097673C /* ComposableArchitecture */; };
		9357DA692B63CF240097673C /* Commons in Frameworks */ = {isa = PBXBuildFile; productRef = 9357DA682B63CF240097673C /* Commons */; };
		9357DA6B2B63CF2A0097673C /* DataModels in Frameworks */ = {isa = PBXBuildFile; productRef = 9357DA6A2B63CF2A0097673C /* DataModels */; };
		9357DA6D2B63CF2E0097673C /* Services in Frameworks */ = {isa = PBXBuildFile; productRef = 9357DA6C2B63CF2E0097673C /* Services */; };
		9357DA6F2B63D3170097673C /* Localizable.xcstrings in Resources */ = {isa = PBXBuildFile; fileRef = 9357DA6E2B63D3170097673C /* Localizable.xcstrings */; };
		936775002B7007A500816C92 /* WidgetKit.framework in Frameworks */ = {isa = PBXBuildFile; fileRef = 936774FF2B7007A500816C92 /* WidgetKit.framework */; };
		936775022B7007A500816C92 /* SwiftUI.framework in Frameworks */ = {isa = PBXBuildFile; fileRef = 936775012B7007A500816C92 /* SwiftUI.framework */; };
		936775052B7007A500816C92 /* WidgetNBPBundle.swift in Sources */ = {isa = PBXBuildFile; fileRef = 936775042B7007A500816C92 /* WidgetNBPBundle.swift */; };
		936775072B7007A500816C92 /* WidgetNBPLiveActivity.swift in Sources */ = {isa = PBXBuildFile; fileRef = 936775062B7007A500816C92 /* WidgetNBPLiveActivity.swift */; };
		936775092B7007A500816C92 /* WidgetNBP.swift in Sources */ = {isa = PBXBuildFile; fileRef = 936775082B7007A500816C92 /* WidgetNBP.swift */; };
		9367750B2B7007A500816C92 /* AppIntent.swift in Sources */ = {isa = PBXBuildFile; fileRef = 9367750A2B7007A500816C92 /* AppIntent.swift */; };
		9367750D2B7007A600816C92 /* Assets.xcassets in Resources */ = {isa = PBXBuildFile; fileRef = 9367750C2B7007A600816C92 /* Assets.xcassets */; };
		936775112B7007A600816C92 /* WidgetNBPExtension.appex in Embed Foundation Extensions */ = {isa = PBXBuildFile; fileRef = 936774FE2B7007A500816C92 /* WidgetNBPExtension.appex */; settings = {ATTRIBUTES = (RemoveHeadersOnCopy, ); }; };
		93834AD62B7A004B00A5744C /* ExchangeRateClient.h in Headers */ = {isa = PBXBuildFile; fileRef = 93834AD52B7A004B00A5744C /* ExchangeRateClient.h */; settings = {ATTRIBUTES = (Public, ); }; };
		93834AD92B7A004B00A5744C /* ExchangeRateClient.framework in Frameworks */ = {isa = PBXBuildFile; fileRef = 93834AD32B7A004B00A5744C /* ExchangeRateClient.framework */; };
		93834ADA2B7A004B00A5744C /* ExchangeRateClient.framework in Embed Frameworks */ = {isa = PBXBuildFile; fileRef = 93834AD32B7A004B00A5744C /* ExchangeRateClient.framework */; settings = {ATTRIBUTES = (CodeSignOnCopy, RemoveHeadersOnCopy, ); }; };
		93834AE22B7A00EC00A5744C /* OpenAPIRuntime in Frameworks */ = {isa = PBXBuildFile; productRef = 93834AE12B7A00EC00A5744C /* OpenAPIRuntime */; };
		93834AE92B7A044900A5744C /* OpenAPIURLSession in Frameworks */ = {isa = PBXBuildFile; productRef = 93834AE82B7A044900A5744C /* OpenAPIURLSession */; };
		93834AED2B7A04CE00A5744C /* openapi.yaml in Resources */ = {isa = PBXBuildFile; fileRef = 93834AEC2B7A04CE00A5744C /* openapi.yaml */; };
		93834AEF2B7A04DF00A5744C /* openapi-generator-config.yaml in Resources */ = {isa = PBXBuildFile; fileRef = 93834AEE2B7A04DF00A5744C /* openapi-generator-config.yaml */; };
		93834AF22B7A056A00A5744C /* ExchangeRateClient.swift in Sources */ = {isa = PBXBuildFile; fileRef = 93834AF12B7A056A00A5744C /* ExchangeRateClient.swift */; };
		938C18A12B9A641000D92D50 /* MainView.swift in Sources */ = {isa = PBXBuildFile; fileRef = 938C18A02B9A641000D92D50 /* MainView.swift */; };
		93A3EB4C2B640291007BFCDC /* MonumentKit in Frameworks */ = {isa = PBXBuildFile; productRef = 93A3EB4B2B640291007BFCDC /* MonumentKit */; };
		93A3EB4F2B657E6F007BFCDC /* CurrencyBalanceView.swift in Sources */ = {isa = PBXBuildFile; fileRef = 93A3EB4E2B657E6F007BFCDC /* CurrencyBalanceView.swift */; };
		93A3EB512B658318007BFCDC /* CurrencyView.swift in Sources */ = {isa = PBXBuildFile; fileRef = 93A3EB502B658318007BFCDC /* CurrencyView.swift */; };
		93A3EB532B6584BB007BFCDC /* CurrencyCellWithBalance.swift in Sources */ = {isa = PBXBuildFile; fileRef = 93A3EB522B6584BB007BFCDC /* CurrencyCellWithBalance.swift */; };
		93A3EB552B6585F4007BFCDC /* CurrencyRatePrimaryView.swift in Sources */ = {isa = PBXBuildFile; fileRef = 93A3EB542B6585F4007BFCDC /* CurrencyRatePrimaryView.swift */; };
		93A3EB572B658655007BFCDC /* MainViewModel.swift in Sources */ = {isa = PBXBuildFile; fileRef = 93A3EB562B658655007BFCDC /* MainViewModel.swift */; };
		93A3EB592B65894A007BFCDC /* FlagView.swift in Sources */ = {isa = PBXBuildFile; fileRef = 93A3EB582B65894A007BFCDC /* FlagView.swift */; };
		93C6D7B62B5BA569006E28F7 /* MyNBPappApp.swift in Sources */ = {isa = PBXBuildFile; fileRef = 93C6D7B52B5BA569006E28F7 /* MyNBPappApp.swift */; };
		93C6D7B82B5BA569006E28F7 /* ContentView.swift in Sources */ = {isa = PBXBuildFile; fileRef = 93C6D7B72B5BA569006E28F7 /* ContentView.swift */; };
		93C6D7BA2B5BA56A006E28F7 /* Assets.xcassets in Resources */ = {isa = PBXBuildFile; fileRef = 93C6D7B92B5BA56A006E28F7 /* Assets.xcassets */; };
		93C6D7BD2B5BA56A006E28F7 /* Preview Assets.xcassets in Resources */ = {isa = PBXBuildFile; fileRef = 93C6D7BC2B5BA56A006E28F7 /* Preview Assets.xcassets */; };
		93C6D7C72B5BA56A006E28F7 /* MyNBPappTests.swift in Sources */ = {isa = PBXBuildFile; fileRef = 93C6D7C62B5BA56A006E28F7 /* MyNBPappTests.swift */; };
		93C6D7D12B5BA56A006E28F7 /* MyNBPappUITests.swift in Sources */ = {isa = PBXBuildFile; fileRef = 93C6D7D02B5BA56A006E28F7 /* MyNBPappUITests.swift */; };
		93C6D7D32B5BA56A006E28F7 /* MyNBPappUITestsLaunchTests.swift in Sources */ = {isa = PBXBuildFile; fileRef = 93C6D7D22B5BA56A006E28F7 /* MyNBPappUITestsLaunchTests.swift */; };
		93E9A8092B6E626000B37B26 /* CurrencyRateViewModel.swift in Sources */ = {isa = PBXBuildFile; fileRef = 93E9A8082B6E626000B37B26 /* CurrencyRateViewModel.swift */; };
		93E9A80D2B6EB5D000B37B26 /* CurrencyRate+EuroChart.swift in Sources */ = {isa = PBXBuildFile; fileRef = 93E9A80C2B6EB5D000B37B26 /* CurrencyRate+EuroChart.swift */; };
		93E9A8102B6EDBDF00B37B26 /* StatisticView.swift in Sources */ = {isa = PBXBuildFile; fileRef = 93E9A80F2B6EDBDF00B37B26 /* StatisticView.swift */; };
		93E9A8132B6EE15100B37B26 /* CurrencyRate+Widget.swift in Sources */ = {isa = PBXBuildFile; fileRef = 93E9A8122B6EE15100B37B26 /* CurrencyRate+Widget.swift */; };
		93EC19442BA2443F00273F13 /* MarketRateView.swift in Sources */ = {isa = PBXBuildFile; fileRef = 93EC19432BA2443F00273F13 /* MarketRateView.swift */; };
/* End PBXBuildFile section */

/* Begin PBXContainerItemProxy section */
		9367750F2B7007A600816C92 /* PBXContainerItemProxy */ = {
			isa = PBXContainerItemProxy;
			containerPortal = 93C6D7AA2B5BA569006E28F7 /* Project object */;
			proxyType = 1;
			remoteGlobalIDString = 936774FD2B7007A500816C92;
			remoteInfo = WidgetNBPExtension;
		};
		93834AD72B7A004B00A5744C /* PBXContainerItemProxy */ = {
			isa = PBXContainerItemProxy;
			containerPortal = 93C6D7AA2B5BA569006E28F7 /* Project object */;
			proxyType = 1;
			remoteGlobalIDString = 93834AD22B7A004B00A5744C;
			remoteInfo = ExchangeRateClient;
		};
		93C6D7C32B5BA56A006E28F7 /* PBXContainerItemProxy */ = {
			isa = PBXContainerItemProxy;
			containerPortal = 93C6D7AA2B5BA569006E28F7 /* Project object */;
			proxyType = 1;
			remoteGlobalIDString = 93C6D7B12B5BA569006E28F7;
			remoteInfo = MyNBPapp;
		};
		93C6D7CD2B5BA56A006E28F7 /* PBXContainerItemProxy */ = {
			isa = PBXContainerItemProxy;
			containerPortal = 93C6D7AA2B5BA569006E28F7 /* Project object */;
			proxyType = 1;
			remoteGlobalIDString = 93C6D7B12B5BA569006E28F7;
			remoteInfo = MyNBPapp;
		};
/* End PBXContainerItemProxy section */

/* Begin PBXCopyFilesBuildPhase section */
		936775122B7007A600816C92 /* Embed Foundation Extensions */ = {
			isa = PBXCopyFilesBuildPhase;
			buildActionMask = 2147483647;
			dstPath = "";
			dstSubfolderSpec = 13;
			files = (
				936775112B7007A600816C92 /* WidgetNBPExtension.appex in Embed Foundation Extensions */,
			);
			name = "Embed Foundation Extensions";
			runOnlyForDeploymentPostprocessing = 0;
		};
		93834ADB2B7A004B00A5744C /* Embed Frameworks */ = {
			isa = PBXCopyFilesBuildPhase;
			buildActionMask = 2147483647;
			dstPath = "";
			dstSubfolderSpec = 10;
			files = (
				93834ADA2B7A004B00A5744C /* ExchangeRateClient.framework in Embed Frameworks */,
			);
			name = "Embed Frameworks";
			runOnlyForDeploymentPostprocessing = 0;
		};
/* End PBXCopyFilesBuildPhase section */

/* Begin PBXFileReference section */
		930B2E9D2B667B3D00BEB7B7 /* AccountFeature.swift */ = {isa = PBXFileReference; lastKnownFileType = sourcecode.swift; path = AccountFeature.swift; sourceTree = "<group>"; };
		930B2E9F2B667B5900BEB7B7 /* AccountFeature+Action.swift */ = {isa = PBXFileReference; lastKnownFileType = sourcecode.swift; path = "AccountFeature+Action.swift"; sourceTree = "<group>"; };
		930B2EA12B667BA600BEB7B7 /* AccountFeature+State.swift */ = {isa = PBXFileReference; lastKnownFileType = sourcecode.swift; path = "AccountFeature+State.swift"; sourceTree = "<group>"; };
		930B2EA92B6694F400BEB7B7 /* SettingsFeature.swift */ = {isa = PBXFileReference; lastKnownFileType = sourcecode.swift; path = SettingsFeature.swift; sourceTree = "<group>"; };
		930B2EAB2B66952800BEB7B7 /* SettingsFeature+Action.swift */ = {isa = PBXFileReference; lastKnownFileType = sourcecode.swift; path = "SettingsFeature+Action.swift"; sourceTree = "<group>"; };
		930B2EAD2B66957800BEB7B7 /* SettingsFeature+State.swift */ = {isa = PBXFileReference; lastKnownFileType = sourcecode.swift; path = "SettingsFeature+State.swift"; sourceTree = "<group>"; };
		9312DEF52B9AF87800C3D441 /* CurrencyTransactionType.swift */ = {isa = PBXFileReference; lastKnownFileType = sourcecode.swift; path = CurrencyTransactionType.swift; sourceTree = "<group>"; };
		9312DEF72B9AF89000C3D441 /* MainCurrencyState.swift */ = {isa = PBXFileReference; lastKnownFileType = sourcecode.swift; path = MainCurrencyState.swift; sourceTree = "<group>"; };
		9312DEFC2B9AF8F400C3D441 /* MainFeature.swift */ = {isa = PBXFileReference; lastKnownFileType = sourcecode.swift; path = MainFeature.swift; sourceTree = "<group>"; };
		9312DEFE2B9B001800C3D441 /* GlobalCurrencySymbols.swift */ = {isa = PBXFileReference; lastKnownFileType = sourcecode.swift; path = GlobalCurrencySymbols.swift; sourceTree = "<group>"; };
		9312DF012B9B1D5E00C3D441 /* MainFeature+State.swift */ = {isa = PBXFileReference; lastKnownFileType = sourcecode.swift; path = "MainFeature+State.swift"; sourceTree = "<group>"; };
		9312DF042B9B1D9200C3D441 /* MainFeature+Action.swift */ = {isa = PBXFileReference; lastKnownFileType = sourcecode.swift; path = "MainFeature+Action.swift"; sourceTree = "<group>"; };
		9312DF0F2B9B208800C3D441 /* CurrencyConverterView.swift */ = {isa = PBXFileReference; lastKnownFileType = sourcecode.swift; path = CurrencyConverterView.swift; sourceTree = "<group>"; };
		9312DF122B9B209700C3D441 /* CurrencyConverterFeature.swift */ = {isa = PBXFileReference; lastKnownFileType = sourcecode.swift; path = CurrencyConverterFeature.swift; sourceTree = "<group>"; };
		9312DF152B9B346000C3D441 /* TransactionType.swift */ = {isa = PBXFileReference; lastKnownFileType = sourcecode.swift; path = TransactionType.swift; sourceTree = "<group>"; };
		93335A682BA4560A001F1610 /* ContactDetailView.swift */ = {isa = PBXFileReference; lastKnownFileType = sourcecode.swift; path = ContactDetailView.swift; sourceTree = "<group>"; };
		93335A6C2BA45F3D001F1610 /* ContactsView.swift */ = {isa = PBXFileReference; lastKnownFileType = sourcecode.swift; path = ContactsView.swift; sourceTree = "<group>"; };
		93335A6F2BA45F56001F1610 /* Contact.swift */ = {isa = PBXFileReference; lastKnownFileType = sourcecode.swift; path = Contact.swift; sourceTree = "<group>"; };
		93335A762BA465FD001F1610 /* AddContactView.swift */ = {isa = PBXFileReference; lastKnownFileType = sourcecode.swift; path = AddContactView.swift; sourceTree = "<group>"; };
		93335A782BA490FA001F1610 /* ContactsFeature+Destination.swift */ = {isa = PBXFileReference; lastKnownFileType = sourcecode.swift; path = "ContactsFeature+Destination.swift"; sourceTree = "<group>"; };
		93335A812BA6DE99001F1610 /* CurrencyConverterFeature+State.swift */ = {isa = PBXFileReference; lastKnownFileType = sourcecode.swift; path = "CurrencyConverterFeature+State.swift"; sourceTree = "<group>"; };
		93335A832BA6DEA1001F1610 /* CurrencyConverterFeature+Action.swift */ = {isa = PBXFileReference; lastKnownFileType = sourcecode.swift; path = "CurrencyConverterFeature+Action.swift"; sourceTree = "<group>"; };
		93335A852BA750F4001F1610 /* ContactsFeature+Action.swift */ = {isa = PBXFileReference; lastKnownFileType = sourcecode.swift; path = "ContactsFeature+Action.swift"; sourceTree = "<group>"; };
		93335A882BA750FA001F1610 /* ContactsFeature+State.swift */ = {isa = PBXFileReference; lastKnownFileType = sourcecode.swift; path = "ContactsFeature+State.swift"; sourceTree = "<group>"; };
		93335A8B2BA7511B001F1610 /* ContactsFeature.swift */ = {isa = PBXFileReference; lastKnownFileType = sourcecode.swift; path = ContactsFeature.swift; sourceTree = "<group>"; };
		93335A8D2BA751BC001F1610 /* AddContactFeature.swift */ = {isa = PBXFileReference; lastKnownFileType = sourcecode.swift; path = AddContactFeature.swift; sourceTree = "<group>"; };
		93335A912BA751F2001F1610 /* AddContactFeature+Action.swift */ = {isa = PBXFileReference; lastKnownFileType = sourcecode.swift; path = "AddContactFeature+Action.swift"; sourceTree = "<group>"; };
		93335A932BA751FB001F1610 /* AddContactFeature+State.swift */ = {isa = PBXFileReference; lastKnownFileType = sourcecode.swift; path = "AddContactFeature+State.swift"; sourceTree = "<group>"; };
		93335A962BA75313001F1610 /* ContactDetailFeature.swift */ = {isa = PBXFileReference; lastKnownFileType = sourcecode.swift; path = ContactDetailFeature.swift; sourceTree = "<group>"; };
		93335A9A2BA7532A001F1610 /* ContactDetailFeature+Action.swift */ = {isa = PBXFileReference; lastKnownFileType = sourcecode.swift; path = "ContactDetailFeature+Action.swift"; sourceTree = "<group>"; };
		93335A9C2BA75331001F1610 /* ContactDetailFeature+State.swift */ = {isa = PBXFileReference; lastKnownFileType = sourcecode.swift; path = "ContactDetailFeature+State.swift"; sourceTree = "<group>"; };
		93373EC72B88F40800975A6B /* TestFeatureServices.swift */ = {isa = PBXFileReference; lastKnownFileType = sourcecode.swift; path = TestFeatureServices.swift; sourceTree = "<group>"; };
		9338604A2B8BCA4B0062DBC0 /* CurrencyRateCell.swift */ = {isa = PBXFileReference; lastKnownFileType = sourcecode.swift; path = CurrencyRateCell.swift; sourceTree = "<group>"; };
		93517C3A2B88CBB7009252E9 /* TestFeature.swift */ = {isa = PBXFileReference; lastKnownFileType = sourcecode.swift; path = TestFeature.swift; sourceTree = "<group>"; };
		93517C3E2B88CC3E009252E9 /* TestFeature+Action.swift */ = {isa = PBXFileReference; lastKnownFileType = sourcecode.swift; path = "TestFeature+Action.swift"; sourceTree = "<group>"; };
		93517C402B88CCA2009252E9 /* TestFeature+State.swift */ = {isa = PBXFileReference; lastKnownFileType = sourcecode.swift; path = "TestFeature+State.swift"; sourceTree = "<group>"; };
		93517C422B88CD99009252E9 /* TestView.swift */ = {isa = PBXFileReference; lastKnownFileType = sourcecode.swift; path = TestView.swift; sourceTree = "<group>"; };
		93517C452B88D77C009252E9 /* SettingsFeatureServices.swift */ = {isa = PBXFileReference; lastKnownFileType = sourcecode.swift; path = SettingsFeatureServices.swift; sourceTree = "<group>"; };
		93517C482B88D863009252E9 /* AccountFeatureServices.swift */ = {isa = PBXFileReference; lastKnownFileType = sourcecode.swift; path = AccountFeatureServices.swift; sourceTree = "<group>"; };
		9357D9FD2B5D2EFC0097673C /* AppScreen.swift */ = {isa = PBXFileReference; lastKnownFileType = sourcecode.swift; path = AppScreen.swift; sourceTree = "<group>"; };
		9357D9FF2B5D31770097673C /* AppTabView.swift */ = {isa = PBXFileReference; lastKnownFileType = sourcecode.swift; path = AppTabView.swift; sourceTree = "<group>"; };
		9357DA012B5D78BD0097673C /* AppSidebarList.swift */ = {isa = PBXFileReference; lastKnownFileType = sourcecode.swift; path = AppSidebarList.swift; sourceTree = "<group>"; };
		9357DA032B5D7AC30097673C /* AppDetailColumn.swift */ = {isa = PBXFileReference; lastKnownFileType = sourcecode.swift; path = AppDetailColumn.swift; sourceTree = "<group>"; };
		9357DA082B5D9A7E0097673C /* MainViewOld.swift */ = {isa = PBXFileReference; lastKnownFileType = sourcecode.swift; path = MainViewOld.swift; sourceTree = "<group>"; };
		9357DA0A2B5D9B4F0097673C /* CurrencyRateView.swift */ = {isa = PBXFileReference; lastKnownFileType = sourcecode.swift; path = CurrencyRateView.swift; sourceTree = "<group>"; };
		9357DA0C2B5D9B900097673C /* FavoritesView.swift */ = {isa = PBXFileReference; lastKnownFileType = sourcecode.swift; path = FavoritesView.swift; sourceTree = "<group>"; };
		9357DA0F2B6065120097673C /* AccountView.swift */ = {isa = PBXFileReference; lastKnownFileType = sourcecode.swift; path = AccountView.swift; sourceTree = "<group>"; };
		9357DA152B6066F80097673C /* SettingsView.swift */ = {isa = PBXFileReference; lastKnownFileType = sourcecode.swift; path = SettingsView.swift; sourceTree = "<group>"; };
		9357DA612B63BD560097673C /* Services */ = {isa = PBXFileReference; lastKnownFileType = wrapper; name = Services; path = Frameworks/Services; sourceTree = "<group>"; };
		9357DA622B63BF820097673C /* DataModels */ = {isa = PBXFileReference; lastKnownFileType = wrapper; name = DataModels; path = Frameworks/DataModels; sourceTree = "<group>"; };
		9357DA632B63C1940097673C /* Commons */ = {isa = PBXFileReference; lastKnownFileType = wrapper; name = Commons; path = Frameworks/Commons; sourceTree = "<group>"; };
		9357DA6E2B63D3170097673C /* Localizable.xcstrings */ = {isa = PBXFileReference; lastKnownFileType = text.json.xcstrings; path = Localizable.xcstrings; sourceTree = "<group>"; };
		9357DA702B63F5560097673C /* MonumentKit */ = {isa = PBXFileReference; lastKnownFileType = wrapper; name = MonumentKit; path = Frameworks/MonumentKit; sourceTree = "<group>"; };
		936774FE2B7007A500816C92 /* WidgetNBPExtension.appex */ = {isa = PBXFileReference; explicitFileType = "wrapper.app-extension"; includeInIndex = 0; path = WidgetNBPExtension.appex; sourceTree = BUILT_PRODUCTS_DIR; };
		936774FF2B7007A500816C92 /* WidgetKit.framework */ = {isa = PBXFileReference; lastKnownFileType = wrapper.framework; name = WidgetKit.framework; path = System/Library/Frameworks/WidgetKit.framework; sourceTree = SDKROOT; };
		936775012B7007A500816C92 /* SwiftUI.framework */ = {isa = PBXFileReference; lastKnownFileType = wrapper.framework; name = SwiftUI.framework; path = System/Library/Frameworks/SwiftUI.framework; sourceTree = SDKROOT; };
		936775042B7007A500816C92 /* WidgetNBPBundle.swift */ = {isa = PBXFileReference; lastKnownFileType = sourcecode.swift; path = WidgetNBPBundle.swift; sourceTree = "<group>"; };
		936775062B7007A500816C92 /* WidgetNBPLiveActivity.swift */ = {isa = PBXFileReference; lastKnownFileType = sourcecode.swift; path = WidgetNBPLiveActivity.swift; sourceTree = "<group>"; };
		936775082B7007A500816C92 /* WidgetNBP.swift */ = {isa = PBXFileReference; lastKnownFileType = sourcecode.swift; path = WidgetNBP.swift; sourceTree = "<group>"; };
		9367750A2B7007A500816C92 /* AppIntent.swift */ = {isa = PBXFileReference; lastKnownFileType = sourcecode.swift; path = AppIntent.swift; sourceTree = "<group>"; };
		9367750C2B7007A600816C92 /* Assets.xcassets */ = {isa = PBXFileReference; lastKnownFileType = folder.assetcatalog; path = Assets.xcassets; sourceTree = "<group>"; };
		9367750E2B7007A600816C92 /* Info.plist */ = {isa = PBXFileReference; lastKnownFileType = text.plist.xml; path = Info.plist; sourceTree = "<group>"; };
		93834AD32B7A004B00A5744C /* ExchangeRateClient.framework */ = {isa = PBXFileReference; explicitFileType = wrapper.framework; includeInIndex = 0; path = ExchangeRateClient.framework; sourceTree = BUILT_PRODUCTS_DIR; };
		93834AD52B7A004B00A5744C /* ExchangeRateClient.h */ = {isa = PBXFileReference; lastKnownFileType = sourcecode.c.h; path = ExchangeRateClient.h; sourceTree = "<group>"; };
		93834AEC2B7A04CE00A5744C /* openapi.yaml */ = {isa = PBXFileReference; lastKnownFileType = text.yaml; path = openapi.yaml; sourceTree = "<group>"; };
		93834AEE2B7A04DF00A5744C /* openapi-generator-config.yaml */ = {isa = PBXFileReference; lastKnownFileType = text.yaml; path = "openapi-generator-config.yaml"; sourceTree = "<group>"; };
		93834AF12B7A056A00A5744C /* ExchangeRateClient.swift */ = {isa = PBXFileReference; lastKnownFileType = sourcecode.swift; path = ExchangeRateClient.swift; sourceTree = "<group>"; };
		938C18A02B9A641000D92D50 /* MainView.swift */ = {isa = PBXFileReference; lastKnownFileType = sourcecode.swift; path = MainView.swift; sourceTree = "<group>"; };
		93A3EB4E2B657E6F007BFCDC /* CurrencyBalanceView.swift */ = {isa = PBXFileReference; lastKnownFileType = sourcecode.swift; path = CurrencyBalanceView.swift; sourceTree = "<group>"; };
		93A3EB502B658318007BFCDC /* CurrencyView.swift */ = {isa = PBXFileReference; lastKnownFileType = sourcecode.swift; path = CurrencyView.swift; sourceTree = "<group>"; };
		93A3EB522B6584BB007BFCDC /* CurrencyCellWithBalance.swift */ = {isa = PBXFileReference; lastKnownFileType = sourcecode.swift; path = CurrencyCellWithBalance.swift; sourceTree = "<group>"; };
		93A3EB542B6585F4007BFCDC /* CurrencyRatePrimaryView.swift */ = {isa = PBXFileReference; lastKnownFileType = sourcecode.swift; path = CurrencyRatePrimaryView.swift; sourceTree = "<group>"; };
		93A3EB562B658655007BFCDC /* MainViewModel.swift */ = {isa = PBXFileReference; lastKnownFileType = sourcecode.swift; path = MainViewModel.swift; sourceTree = "<group>"; };
		93A3EB582B65894A007BFCDC /* FlagView.swift */ = {isa = PBXFileReference; lastKnownFileType = sourcecode.swift; path = FlagView.swift; sourceTree = "<group>"; };
		93C6D7B22B5BA569006E28F7 /* MyNBPapp.app */ = {isa = PBXFileReference; explicitFileType = wrapper.application; includeInIndex = 0; path = MyNBPapp.app; sourceTree = BUILT_PRODUCTS_DIR; };
		93C6D7B52B5BA569006E28F7 /* MyNBPappApp.swift */ = {isa = PBXFileReference; lastKnownFileType = sourcecode.swift; path = MyNBPappApp.swift; sourceTree = "<group>"; };
		93C6D7B72B5BA569006E28F7 /* ContentView.swift */ = {isa = PBXFileReference; lastKnownFileType = sourcecode.swift; path = ContentView.swift; sourceTree = "<group>"; };
		93C6D7B92B5BA56A006E28F7 /* Assets.xcassets */ = {isa = PBXFileReference; lastKnownFileType = folder.assetcatalog; path = Assets.xcassets; sourceTree = "<group>"; };
		93C6D7BC2B5BA56A006E28F7 /* Preview Assets.xcassets */ = {isa = PBXFileReference; lastKnownFileType = folder.assetcatalog; path = "Preview Assets.xcassets"; sourceTree = "<group>"; };
		93C6D7C22B5BA56A006E28F7 /* MyNBPappTests.xctest */ = {isa = PBXFileReference; explicitFileType = wrapper.cfbundle; includeInIndex = 0; path = MyNBPappTests.xctest; sourceTree = BUILT_PRODUCTS_DIR; };
		93C6D7C62B5BA56A006E28F7 /* MyNBPappTests.swift */ = {isa = PBXFileReference; lastKnownFileType = sourcecode.swift; path = MyNBPappTests.swift; sourceTree = "<group>"; };
		93C6D7CC2B5BA56A006E28F7 /* MyNBPappUITests.xctest */ = {isa = PBXFileReference; explicitFileType = wrapper.cfbundle; includeInIndex = 0; path = MyNBPappUITests.xctest; sourceTree = BUILT_PRODUCTS_DIR; };
		93C6D7D02B5BA56A006E28F7 /* MyNBPappUITests.swift */ = {isa = PBXFileReference; lastKnownFileType = sourcecode.swift; path = MyNBPappUITests.swift; sourceTree = "<group>"; };
		93C6D7D22B5BA56A006E28F7 /* MyNBPappUITestsLaunchTests.swift */ = {isa = PBXFileReference; lastKnownFileType = sourcecode.swift; path = MyNBPappUITestsLaunchTests.swift; sourceTree = "<group>"; };
		93E9A8082B6E626000B37B26 /* CurrencyRateViewModel.swift */ = {isa = PBXFileReference; lastKnownFileType = sourcecode.swift; path = CurrencyRateViewModel.swift; sourceTree = "<group>"; };
		93E9A80C2B6EB5D000B37B26 /* CurrencyRate+EuroChart.swift */ = {isa = PBXFileReference; lastKnownFileType = sourcecode.swift; path = "CurrencyRate+EuroChart.swift"; sourceTree = "<group>"; };
		93E9A80F2B6EDBDF00B37B26 /* StatisticView.swift */ = {isa = PBXFileReference; lastKnownFileType = sourcecode.swift; path = StatisticView.swift; sourceTree = "<group>"; };
		93E9A8122B6EE15100B37B26 /* CurrencyRate+Widget.swift */ = {isa = PBXFileReference; lastKnownFileType = sourcecode.swift; path = "CurrencyRate+Widget.swift"; sourceTree = "<group>"; };
		93EC19432BA2443F00273F13 /* MarketRateView.swift */ = {isa = PBXFileReference; lastKnownFileType = sourcecode.swift; path = MarketRateView.swift; sourceTree = "<group>"; };
/* End PBXFileReference section */

/* Begin PBXFrameworksBuildPhase section */
		936774FB2B7007A500816C92 /* Frameworks */ = {
			isa = PBXFrameworksBuildPhase;
			buildActionMask = 2147483647;
			files = (
				936775022B7007A500816C92 /* SwiftUI.framework in Frameworks */,
				936775002B7007A500816C92 /* WidgetKit.framework in Frameworks */,
			);
			runOnlyForDeploymentPostprocessing = 0;
		};
		93834AD02B7A004B00A5744C /* Frameworks */ = {
			isa = PBXFrameworksBuildPhase;
			buildActionMask = 2147483647;
			files = (
				93834AE92B7A044900A5744C /* OpenAPIURLSession in Frameworks */,
				93834AE22B7A00EC00A5744C /* OpenAPIRuntime in Frameworks */,
			);
			runOnlyForDeploymentPostprocessing = 0;
		};
		93C6D7AF2B5BA569006E28F7 /* Frameworks */ = {
			isa = PBXFrameworksBuildPhase;
			buildActionMask = 2147483647;
			files = (
				93A3EB4C2B640291007BFCDC /* MonumentKit in Frameworks */,
				93834AD92B7A004B00A5744C /* ExchangeRateClient.framework in Frameworks */,
				9357DA6D2B63CF2E0097673C /* Services in Frameworks */,
				9357DA662B63CEB30097673C /* ComposableArchitecture in Frameworks */,
				930B2EB32B68506D00BEB7B7 /* Factory in Frameworks */,
				9357DA6B2B63CF2A0097673C /* DataModels in Frameworks */,
				9357DA692B63CF240097673C /* Commons in Frameworks */,
			);
			runOnlyForDeploymentPostprocessing = 0;
		};
		93C6D7BF2B5BA56A006E28F7 /* Frameworks */ = {
			isa = PBXFrameworksBuildPhase;
			buildActionMask = 2147483647;
			files = (
			);
			runOnlyForDeploymentPostprocessing = 0;
		};
		93C6D7C92B5BA56A006E28F7 /* Frameworks */ = {
			isa = PBXFrameworksBuildPhase;
			buildActionMask = 2147483647;
			files = (
			);
			runOnlyForDeploymentPostprocessing = 0;
		};
/* End PBXFrameworksBuildPhase section */

/* Begin PBXGroup section */
		930B2E9C2B667B0500BEB7B7 /* AccountFeature */ = {
			isa = PBXGroup;
			children = (
				93517C472B88D854009252E9 /* Utilites */,
				930B2E9D2B667B3D00BEB7B7 /* AccountFeature.swift */,
				930B2EA12B667BA600BEB7B7 /* AccountFeature+State.swift */,
				930B2E9F2B667B5900BEB7B7 /* AccountFeature+Action.swift */,
			);
			path = AccountFeature;
			sourceTree = "<group>";
		};
		930B2EA82B6694C900BEB7B7 /* SettingsFeature */ = {
			isa = PBXGroup;
			children = (
				93517C442B88D766009252E9 /* Utilites */,
				930B2EA92B6694F400BEB7B7 /* SettingsFeature.swift */,
				930B2EAB2B66952800BEB7B7 /* SettingsFeature+Action.swift */,
				930B2EAD2B66957800BEB7B7 /* SettingsFeature+State.swift */,
			);
			path = SettingsFeature;
			sourceTree = "<group>";
		};
		9312DEF32B9AF86800C3D441 /* Enum */ = {
			isa = PBXGroup;
			children = (
				9312DEF52B9AF87800C3D441 /* CurrencyTransactionType.swift */,
				9312DEFE2B9B001800C3D441 /* GlobalCurrencySymbols.swift */,
				9312DEF72B9AF89000C3D441 /* MainCurrencyState.swift */,
			);
			path = Enum;
			sourceTree = "<group>";
		};
		9312DEF92B9AF8C200C3D441 /* Main */ = {
			isa = PBXGroup;
			children = (
				9312DEF32B9AF86800C3D441 /* Enum */,
				9312DEFB2B9AF8D500C3D441 /* MainFeature */,
				938C18A02B9A641000D92D50 /* MainView.swift */,
				93EC19462BA2445000273F13 /* MarketRate */,
				93EC19432BA2443F00273F13 /* MarketRateView.swift */,
			);
			path = Main;
			sourceTree = "<group>";
		};
		9312DEFB2B9AF8D500C3D441 /* MainFeature */ = {
			isa = PBXGroup;
			children = (
				9312DEFC2B9AF8F400C3D441 /* MainFeature.swift */,
				9312DF012B9B1D5E00C3D441 /* MainFeature+State.swift */,
				9312DF042B9B1D9200C3D441 /* MainFeature+Action.swift */,
			);
			path = MainFeature;
			sourceTree = "<group>";
		};
		9312DF0B2B9B200C00C3D441 /* CurrencyConverter */ = {
			isa = PBXGroup;
			children = (
				9312DF142B9B344A00C3D441 /* Enum */,
				9312DF0E2B9B208000C3D441 /* CurrencyConverterFeature */,
				9312DF0F2B9B208800C3D441 /* CurrencyConverterView.swift */,
			);
			path = CurrencyConverter;
			sourceTree = "<group>";
		};
		9312DF0C2B9B202600C3D441 /* Old */ = {
			isa = PBXGroup;
			children = (
				9357DA112B6065BF0097673C /* Main */,
			);
			path = Old;
			sourceTree = "<group>";
		};
		9312DF0E2B9B208000C3D441 /* CurrencyConverterFeature */ = {
			isa = PBXGroup;
			children = (
				9312DF122B9B209700C3D441 /* CurrencyConverterFeature.swift */,
				93335A812BA6DE99001F1610 /* CurrencyConverterFeature+State.swift */,
				93335A832BA6DEA1001F1610 /* CurrencyConverterFeature+Action.swift */,
			);
			path = CurrencyConverterFeature;
			sourceTree = "<group>";
		};
		9312DF142B9B344A00C3D441 /* Enum */ = {
			isa = PBXGroup;
			children = (
				9312DF152B9B346000C3D441 /* TransactionType.swift */,
			);
			path = Enum;
			sourceTree = "<group>";
		};
		93335A662BA455E3001F1610 /* ContactTest */ = {
			isa = PBXGroup;
			children = (
				93335A712BA45F59001F1610 /* Model */,
				93335A6B2BA45F1C001F1610 /* Contact */,
				93335A732BA465F1001F1610 /* AddContact */,
				93335A672BA455EE001F1610 /* ContactDetail */,
			);
			path = ContactTest;
			sourceTree = "<group>";
		};
		93335A672BA455EE001F1610 /* ContactDetail */ = {
			isa = PBXGroup;
			children = (
				93335A952BA75303001F1610 /* ContactDetailFeature */,
				93335A682BA4560A001F1610 /* ContactDetailView.swift */,
			);
			path = ContactDetail;
			sourceTree = "<group>";
		};
		93335A6B2BA45F1C001F1610 /* Contact */ = {
			isa = PBXGroup;
			children = (
				93335A8A2BA75109001F1610 /* ContactsFeature */,
				93335A6C2BA45F3D001F1610 /* ContactsView.swift */,
			);
			path = Contact;
			sourceTree = "<group>";
		};
		93335A712BA45F59001F1610 /* Model */ = {
			isa = PBXGroup;
			children = (
				93335A6F2BA45F56001F1610 /* Contact.swift */,
			);
			path = Model;
			sourceTree = "<group>";
		};
		93335A732BA465F1001F1610 /* AddContact */ = {
			isa = PBXGroup;
			children = (
				93335A8F2BA751C1001F1610 /* AddContactFeature */,
				93335A762BA465FD001F1610 /* AddContactView.swift */,
			);
			path = AddContact;
			sourceTree = "<group>";
		};
		93335A8A2BA75109001F1610 /* ContactsFeature */ = {
			isa = PBXGroup;
			children = (
				93335A8B2BA7511B001F1610 /* ContactsFeature.swift */,
				93335A852BA750F4001F1610 /* ContactsFeature+Action.swift */,
				93335A882BA750FA001F1610 /* ContactsFeature+State.swift */,
				93335A782BA490FA001F1610 /* ContactsFeature+Destination.swift */,
			);
			path = ContactsFeature;
			sourceTree = "<group>";
		};
		93335A8F2BA751C1001F1610 /* AddContactFeature */ = {
			isa = PBXGroup;
			children = (
				93335A8D2BA751BC001F1610 /* AddContactFeature.swift */,
				93335A912BA751F2001F1610 /* AddContactFeature+Action.swift */,
				93335A932BA751FB001F1610 /* AddContactFeature+State.swift */,
			);
			path = AddContactFeature;
			sourceTree = "<group>";
		};
		93335A952BA75303001F1610 /* ContactDetailFeature */ = {
			isa = PBXGroup;
			children = (
				93335A962BA75313001F1610 /* ContactDetailFeature.swift */,
				93335A9A2BA7532A001F1610 /* ContactDetailFeature+Action.swift */,
				93335A9C2BA75331001F1610 /* ContactDetailFeature+State.swift */,
			);
			path = ContactDetailFeature;
			sourceTree = "<group>";
		};
		93373EC62B88F3FC00975A6B /* Utilites */ = {
			isa = PBXGroup;
			children = (
				93373EC72B88F40800975A6B /* TestFeatureServices.swift */,
			);
			path = Utilites;
			sourceTree = "<group>";
		};
		93517C392B88CBAB009252E9 /* TestFeature */ = {
			isa = PBXGroup;
			children = (
				93373EC62B88F3FC00975A6B /* Utilites */,
				93517C3A2B88CBB7009252E9 /* TestFeature.swift */,
				93517C402B88CCA2009252E9 /* TestFeature+State.swift */,
				93517C3E2B88CC3E009252E9 /* TestFeature+Action.swift */,
			);
			path = TestFeature;
			sourceTree = "<group>";
		};
		93517C442B88D766009252E9 /* Utilites */ = {
			isa = PBXGroup;
			children = (
				93517C452B88D77C009252E9 /* SettingsFeatureServices.swift */,
			);
			path = Utilites;
			sourceTree = "<group>";
		};
		93517C472B88D854009252E9 /* Utilites */ = {
			isa = PBXGroup;
			children = (
				93517C482B88D863009252E9 /* AccountFeatureServices.swift */,
			);
			path = Utilites;
			sourceTree = "<group>";
		};
		9357D9FC2B5D2EE40097673C /* Navigation */ = {
			isa = PBXGroup;
			children = (
				9357D9FD2B5D2EFC0097673C /* AppScreen.swift */,
				9357D9FF2B5D31770097673C /* AppTabView.swift */,
				9357DA012B5D78BD0097673C /* AppSidebarList.swift */,
				9357DA032B5D7AC30097673C /* AppDetailColumn.swift */,
			);
			path = Navigation;
			sourceTree = "<group>";
		};
		9357DA0E2B5F10870097673C /* View */ = {
			isa = PBXGroup;
			children = (
				9312DEF92B9AF8C200C3D441 /* Main */,
				9312DF0B2B9B200C00C3D441 /* CurrencyConverter */,
				9357DA132B6065D00097673C /* CurrencyRate */,
				9357DA122B6065C90097673C /* Favorites */,
				9357DA142B6065DA0097673C /* Account */,
				9312DF0C2B9B202600C3D441 /* Old */,
			);
			path = View;
			sourceTree = "<group>";
		};
		9357DA112B6065BF0097673C /* Main */ = {
			isa = PBXGroup;
			children = (
				93E9A80E2B6ED85200B37B26 /* ViewModel */,
				9357DA082B5D9A7E0097673C /* MainViewOld.swift */,
			);
			path = Main;
			sourceTree = "<group>";
		};
		9357DA122B6065C90097673C /* Favorites */ = {
			isa = PBXGroup;
			children = (
				9357DA0C2B5D9B900097673C /* FavoritesView.swift */,
			);
			path = Favorites;
			sourceTree = "<group>";
		};
		9357DA132B6065D00097673C /* CurrencyRate */ = {
			isa = PBXGroup;
			children = (
				93E9A80A2B6E628600B37B26 /* ViewModel */,
				93E9A8112B6EE12300B37B26 /* WidgetView */,
				93E9A80B2B6EB56C00B37B26 /* ChartView */,
				9357DA0A2B5D9B4F0097673C /* CurrencyRateView.swift */,
			);
			path = CurrencyRate;
			sourceTree = "<group>";
		};
		9357DA142B6065DA0097673C /* Account */ = {
			isa = PBXGroup;
			children = (
				93335A662BA455E3001F1610 /* ContactTest */,
				93517C392B88CBAB009252E9 /* TestFeature */,
				93517C422B88CD99009252E9 /* TestView.swift */,
				930B2E9C2B667B0500BEB7B7 /* AccountFeature */,
				9357DA0F2B6065120097673C /* AccountView.swift */,
				930B2EA82B6694C900BEB7B7 /* SettingsFeature */,
				9357DA152B6066F80097673C /* SettingsView.swift */,
			);
			path = Account;
			sourceTree = "<group>";
		};
		9357DA672B63CF240097673C /* Frameworks */ = {
			isa = PBXGroup;
			children = (
				936774FF2B7007A500816C92 /* WidgetKit.framework */,
				936775012B7007A500816C92 /* SwiftUI.framework */,
			);
			name = Frameworks;
			sourceTree = "<group>";
		};
		936775032B7007A500816C92 /* WidgetNBP */ = {
			isa = PBXGroup;
			children = (
				936775042B7007A500816C92 /* WidgetNBPBundle.swift */,
				936775062B7007A500816C92 /* WidgetNBPLiveActivity.swift */,
				936775082B7007A500816C92 /* WidgetNBP.swift */,
				9367750A2B7007A500816C92 /* AppIntent.swift */,
				9367750C2B7007A600816C92 /* Assets.xcassets */,
				9367750E2B7007A600816C92 /* Info.plist */,
			);
			path = WidgetNBP;
			sourceTree = "<group>";
		};
		93834AD42B7A004B00A5744C /* ExchangeRateClient */ = {
			isa = PBXGroup;
			children = (
				93834AD52B7A004B00A5744C /* ExchangeRateClient.h */,
				93834AEC2B7A04CE00A5744C /* openapi.yaml */,
				93834AEE2B7A04DF00A5744C /* openapi-generator-config.yaml */,
				93834AF12B7A056A00A5744C /* ExchangeRateClient.swift */,
			);
			path = ExchangeRateClient;
			sourceTree = "<group>";
		};
		93A3EB4D2B657D8F007BFCDC /* SubViews */ = {
			isa = PBXGroup;
			children = (
				93A3EB4E2B657E6F007BFCDC /* CurrencyBalanceView.swift */,
				9338604A2B8BCA4B0062DBC0 /* CurrencyRateCell.swift */,
				93A3EB502B658318007BFCDC /* CurrencyView.swift */,
				93A3EB522B6584BB007BFCDC /* CurrencyCellWithBalance.swift */,
				93A3EB542B6585F4007BFCDC /* CurrencyRatePrimaryView.swift */,
				93A3EB582B65894A007BFCDC /* FlagView.swift */,
				93E9A80F2B6EDBDF00B37B26 /* StatisticView.swift */,
			);
			path = SubViews;
			sourceTree = "<group>";
		};
		93C6D7A92B5BA569006E28F7 = {
			isa = PBXGroup;
			children = (
				9357DA702B63F5560097673C /* MonumentKit */,
				9357DA632B63C1940097673C /* Commons */,
				9357DA622B63BF820097673C /* DataModels */,
				9357DA612B63BD560097673C /* Services */,
				93C6D7B42B5BA569006E28F7 /* MyNBPapp */,
				93C6D7C52B5BA56A006E28F7 /* MyNBPappTests */,
				93C6D7CF2B5BA56A006E28F7 /* MyNBPappUITests */,
				936775032B7007A500816C92 /* WidgetNBP */,
				93834AD42B7A004B00A5744C /* ExchangeRateClient */,
				93C6D7B32B5BA569006E28F7 /* Products */,
				9357DA672B63CF240097673C /* Frameworks */,
			);
			sourceTree = "<group>";
		};
		93C6D7B32B5BA569006E28F7 /* Products */ = {
			isa = PBXGroup;
			children = (
				93C6D7B22B5BA569006E28F7 /* MyNBPapp.app */,
				93C6D7C22B5BA56A006E28F7 /* MyNBPappTests.xctest */,
				93C6D7CC2B5BA56A006E28F7 /* MyNBPappUITests.xctest */,
				936774FE2B7007A500816C92 /* WidgetNBPExtension.appex */,
				93834AD32B7A004B00A5744C /* ExchangeRateClient.framework */,
			);
			name = Products;
			sourceTree = "<group>";
		};
		93C6D7B42B5BA569006E28F7 /* MyNBPapp */ = {
			isa = PBXGroup;
			children = (
				93C6D7B52B5BA569006E28F7 /* MyNBPappApp.swift */,
				93C6D7B72B5BA569006E28F7 /* ContentView.swift */,
				9357D9FC2B5D2EE40097673C /* Navigation */,
				93A3EB4D2B657D8F007BFCDC /* SubViews */,
				9357DA0E2B5F10870097673C /* View */,
				93C6D7B92B5BA56A006E28F7 /* Assets.xcassets */,
				9357DA6E2B63D3170097673C /* Localizable.xcstrings */,
				93C6D7BB2B5BA56A006E28F7 /* Preview Content */,
			);
			path = MyNBPapp;
			sourceTree = "<group>";
		};
		93C6D7BB2B5BA56A006E28F7 /* Preview Content */ = {
			isa = PBXGroup;
			children = (
				93C6D7BC2B5BA56A006E28F7 /* Preview Assets.xcassets */,
			);
			path = "Preview Content";
			sourceTree = "<group>";
		};
		93C6D7C52B5BA56A006E28F7 /* MyNBPappTests */ = {
			isa = PBXGroup;
			children = (
				93C6D7C62B5BA56A006E28F7 /* MyNBPappTests.swift */,
			);
			path = MyNBPappTests;
			sourceTree = "<group>";
		};
		93C6D7CF2B5BA56A006E28F7 /* MyNBPappUITests */ = {
			isa = PBXGroup;
			children = (
				93C6D7D02B5BA56A006E28F7 /* MyNBPappUITests.swift */,
				93C6D7D22B5BA56A006E28F7 /* MyNBPappUITestsLaunchTests.swift */,
			);
			path = MyNBPappUITests;
			sourceTree = "<group>";
		};
		93E9A80A2B6E628600B37B26 /* ViewModel */ = {
			isa = PBXGroup;
			children = (
				93E9A8082B6E626000B37B26 /* CurrencyRateViewModel.swift */,
			);
			path = ViewModel;
			sourceTree = "<group>";
		};
		93E9A80B2B6EB56C00B37B26 /* ChartView */ = {
			isa = PBXGroup;
			children = (
				93E9A80C2B6EB5D000B37B26 /* CurrencyRate+EuroChart.swift */,
			);
			path = ChartView;
			sourceTree = "<group>";
		};
		93E9A80E2B6ED85200B37B26 /* ViewModel */ = {
			isa = PBXGroup;
			children = (
				93A3EB562B658655007BFCDC /* MainViewModel.swift */,
			);
			path = ViewModel;
			sourceTree = "<group>";
		};
		93E9A8112B6EE12300B37B26 /* WidgetView */ = {
			isa = PBXGroup;
			children = (
				93E9A8122B6EE15100B37B26 /* CurrencyRate+Widget.swift */,
			);
			path = WidgetView;
			sourceTree = "<group>";
		};
		93EC19462BA2445000273F13 /* MarketRate */ = {
			isa = PBXGroup;
			children = (
			);
			path = MarketRate;
			sourceTree = "<group>";
		};
/* End PBXGroup section */

/* Begin PBXHeadersBuildPhase section */
		93834ACE2B7A004B00A5744C /* Headers */ = {
			isa = PBXHeadersBuildPhase;
			buildActionMask = 2147483647;
			files = (
				93834AD62B7A004B00A5744C /* ExchangeRateClient.h in Headers */,
			);
			runOnlyForDeploymentPostprocessing = 0;
		};
/* End PBXHeadersBuildPhase section */

/* Begin PBXNativeTarget section */
		936774FD2B7007A500816C92 /* WidgetNBPExtension */ = {
			isa = PBXNativeTarget;
			buildConfigurationList = 936775152B7007A600816C92 /* Build configuration list for PBXNativeTarget "WidgetNBPExtension" */;
			buildPhases = (
				936774FA2B7007A500816C92 /* Sources */,
				936774FB2B7007A500816C92 /* Frameworks */,
				936774FC2B7007A500816C92 /* Resources */,
			);
			buildRules = (
			);
			dependencies = (
			);
			name = WidgetNBPExtension;
			productName = WidgetNBPExtension;
			productReference = 936774FE2B7007A500816C92 /* WidgetNBPExtension.appex */;
			productType = "com.apple.product-type.app-extension";
		};
		93834AD22B7A004B00A5744C /* ExchangeRateClient */ = {
			isa = PBXNativeTarget;
			buildConfigurationList = 93834ADE2B7A004B00A5744C /* Build configuration list for PBXNativeTarget "ExchangeRateClient" */;
			buildPhases = (
				93834ACE2B7A004B00A5744C /* Headers */,
				93834ACF2B7A004B00A5744C /* Sources */,
				93834AD02B7A004B00A5744C /* Frameworks */,
				93834AD12B7A004B00A5744C /* Resources */,
			);
			buildRules = (
			);
			dependencies = (
				93834AEB2B7A045400A5744C /* PBXTargetDependency */,
			);
			name = ExchangeRateClient;
			packageProductDependencies = (
				93834AE12B7A00EC00A5744C /* OpenAPIRuntime */,
				93834AE82B7A044900A5744C /* OpenAPIURLSession */,
			);
			productName = ExchangeRateClient;
			productReference = 93834AD32B7A004B00A5744C /* ExchangeRateClient.framework */;
			productType = "com.apple.product-type.framework";
		};
		93C6D7B12B5BA569006E28F7 /* MyNBPapp */ = {
			isa = PBXNativeTarget;
			buildConfigurationList = 93C6D7D62B5BA56A006E28F7 /* Build configuration list for PBXNativeTarget "MyNBPapp" */;
			buildPhases = (
				93C6D7AE2B5BA569006E28F7 /* Sources */,
				93C6D7AF2B5BA569006E28F7 /* Frameworks */,
				93C6D7B02B5BA569006E28F7 /* Resources */,
				936775122B7007A600816C92 /* Embed Foundation Extensions */,
				93834ADB2B7A004B00A5744C /* Embed Frameworks */,
			);
			buildRules = (
			);
			dependencies = (
				936775102B7007A600816C92 /* PBXTargetDependency */,
				93834AD82B7A004B00A5744C /* PBXTargetDependency */,
			);
			name = MyNBPapp;
			packageProductDependencies = (
				9357DA652B63CEB30097673C /* ComposableArchitecture */,
				9357DA682B63CF240097673C /* Commons */,
				9357DA6A2B63CF2A0097673C /* DataModels */,
				9357DA6C2B63CF2E0097673C /* Services */,
				93A3EB4B2B640291007BFCDC /* MonumentKit */,
				930B2EB22B68506D00BEB7B7 /* Factory */,
			);
			productName = MyNBPapp;
			productReference = 93C6D7B22B5BA569006E28F7 /* MyNBPapp.app */;
			productType = "com.apple.product-type.application";
		};
		93C6D7C12B5BA56A006E28F7 /* MyNBPappTests */ = {
			isa = PBXNativeTarget;
			buildConfigurationList = 93C6D7D92B5BA56A006E28F7 /* Build configuration list for PBXNativeTarget "MyNBPappTests" */;
			buildPhases = (
				93C6D7BE2B5BA56A006E28F7 /* Sources */,
				93C6D7BF2B5BA56A006E28F7 /* Frameworks */,
				93C6D7C02B5BA56A006E28F7 /* Resources */,
			);
			buildRules = (
			);
			dependencies = (
				93C6D7C42B5BA56A006E28F7 /* PBXTargetDependency */,
			);
			name = MyNBPappTests;
			productName = MyNBPappTests;
			productReference = 93C6D7C22B5BA56A006E28F7 /* MyNBPappTests.xctest */;
			productType = "com.apple.product-type.bundle.unit-test";
		};
		93C6D7CB2B5BA56A006E28F7 /* MyNBPappUITests */ = {
			isa = PBXNativeTarget;
			buildConfigurationList = 93C6D7DC2B5BA56A006E28F7 /* Build configuration list for PBXNativeTarget "MyNBPappUITests" */;
			buildPhases = (
				93C6D7C82B5BA56A006E28F7 /* Sources */,
				93C6D7C92B5BA56A006E28F7 /* Frameworks */,
				93C6D7CA2B5BA56A006E28F7 /* Resources */,
			);
			buildRules = (
			);
			dependencies = (
				93C6D7CE2B5BA56A006E28F7 /* PBXTargetDependency */,
			);
			name = MyNBPappUITests;
			productName = MyNBPappUITests;
			productReference = 93C6D7CC2B5BA56A006E28F7 /* MyNBPappUITests.xctest */;
			productType = "com.apple.product-type.bundle.ui-testing";
		};
/* End PBXNativeTarget section */

/* Begin PBXProject section */
		93C6D7AA2B5BA569006E28F7 /* Project object */ = {
			isa = PBXProject;
			attributes = {
				BuildIndependentTargetsInParallel = 1;
				LastSwiftUpdateCheck = 1520;
				LastUpgradeCheck = 1520;
				TargetAttributes = {
					936774FD2B7007A500816C92 = {
						CreatedOnToolsVersion = 15.2;
					};
					93834AD22B7A004B00A5744C = {
						CreatedOnToolsVersion = 15.2;
						LastSwiftMigration = 1520;
					};
					93C6D7B12B5BA569006E28F7 = {
						CreatedOnToolsVersion = 15.2;
					};
					93C6D7C12B5BA56A006E28F7 = {
						CreatedOnToolsVersion = 15.2;
						TestTargetID = 93C6D7B12B5BA569006E28F7;
					};
					93C6D7CB2B5BA56A006E28F7 = {
						CreatedOnToolsVersion = 15.2;
						TestTargetID = 93C6D7B12B5BA569006E28F7;
					};
				};
			};
			buildConfigurationList = 93C6D7AD2B5BA569006E28F7 /* Build configuration list for PBXProject "MyNBPapp" */;
			compatibilityVersion = "Xcode 14.0";
			developmentRegion = en;
			hasScannedForEncodings = 0;
			knownRegions = (
				en,
				Base,
				pl,
			);
			mainGroup = 93C6D7A92B5BA569006E28F7;
			packageReferences = (
				9357DA642B63CEB30097673C /* XCRemoteSwiftPackageReference "swift-composable-architecture" */,
				930B2EB12B68506D00BEB7B7 /* XCRemoteSwiftPackageReference "Factory" */,
				93834ADF2B7A006C00A5744C /* XCRemoteSwiftPackageReference "swift-openapi-generator" */,
				93834AE02B7A00EC00A5744C /* XCRemoteSwiftPackageReference "swift-openapi-runtime" */,
				93834AE72B7A044900A5744C /* XCRemoteSwiftPackageReference "swift-openapi-urlsession" */,
			);
			productRefGroup = 93C6D7B32B5BA569006E28F7 /* Products */;
			projectDirPath = "";
			projectRoot = "";
			targets = (
				93C6D7B12B5BA569006E28F7 /* MyNBPapp */,
				93C6D7C12B5BA56A006E28F7 /* MyNBPappTests */,
				93C6D7CB2B5BA56A006E28F7 /* MyNBPappUITests */,
				936774FD2B7007A500816C92 /* WidgetNBPExtension */,
				93834AD22B7A004B00A5744C /* ExchangeRateClient */,
			);
		};
/* End PBXProject section */

/* Begin PBXResourcesBuildPhase section */
		936774FC2B7007A500816C92 /* Resources */ = {
			isa = PBXResourcesBuildPhase;
			buildActionMask = 2147483647;
			files = (
				9367750D2B7007A600816C92 /* Assets.xcassets in Resources */,
			);
			runOnlyForDeploymentPostprocessing = 0;
		};
		93834AD12B7A004B00A5744C /* Resources */ = {
			isa = PBXResourcesBuildPhase;
			buildActionMask = 2147483647;
			files = (
				93834AED2B7A04CE00A5744C /* openapi.yaml in Resources */,
				93834AEF2B7A04DF00A5744C /* openapi-generator-config.yaml in Resources */,
			);
			runOnlyForDeploymentPostprocessing = 0;
		};
		93C6D7B02B5BA569006E28F7 /* Resources */ = {
			isa = PBXResourcesBuildPhase;
			buildActionMask = 2147483647;
			files = (
				93C6D7BD2B5BA56A006E28F7 /* Preview Assets.xcassets in Resources */,
				93C6D7BA2B5BA56A006E28F7 /* Assets.xcassets in Resources */,
				9357DA6F2B63D3170097673C /* Localizable.xcstrings in Resources */,
			);
			runOnlyForDeploymentPostprocessing = 0;
		};
		93C6D7C02B5BA56A006E28F7 /* Resources */ = {
			isa = PBXResourcesBuildPhase;
			buildActionMask = 2147483647;
			files = (
			);
			runOnlyForDeploymentPostprocessing = 0;
		};
		93C6D7CA2B5BA56A006E28F7 /* Resources */ = {
			isa = PBXResourcesBuildPhase;
			buildActionMask = 2147483647;
			files = (
			);
			runOnlyForDeploymentPostprocessing = 0;
		};
/* End PBXResourcesBuildPhase section */

/* Begin PBXSourcesBuildPhase section */
		936774FA2B7007A500816C92 /* Sources */ = {
			isa = PBXSourcesBuildPhase;
			buildActionMask = 2147483647;
			files = (
				936775092B7007A500816C92 /* WidgetNBP.swift in Sources */,
				9367750B2B7007A500816C92 /* AppIntent.swift in Sources */,
				936775052B7007A500816C92 /* WidgetNBPBundle.swift in Sources */,
				936775072B7007A500816C92 /* WidgetNBPLiveActivity.swift in Sources */,
			);
			runOnlyForDeploymentPostprocessing = 0;
		};
		93834ACF2B7A004B00A5744C /* Sources */ = {
			isa = PBXSourcesBuildPhase;
			buildActionMask = 2147483647;
			files = (
				93834AF22B7A056A00A5744C /* ExchangeRateClient.swift in Sources */,
			);
			runOnlyForDeploymentPostprocessing = 0;
		};
		93C6D7AE2B5BA569006E28F7 /* Sources */ = {
			isa = PBXSourcesBuildPhase;
			buildActionMask = 2147483647;
			files = (
				93A3EB592B65894A007BFCDC /* FlagView.swift in Sources */,
				93517C462B88D77C009252E9 /* SettingsFeatureServices.swift in Sources */,
				9312DEF82B9AF89000C3D441 /* MainCurrencyState.swift in Sources */,
				9312DEF62B9AF87800C3D441 /* CurrencyTransactionType.swift in Sources */,
				93E9A80D2B6EB5D000B37B26 /* CurrencyRate+EuroChart.swift in Sources */,
				93A3EB552B6585F4007BFCDC /* CurrencyRatePrimaryView.swift in Sources */,
				93E9A8092B6E626000B37B26 /* CurrencyRateViewModel.swift in Sources */,
				93335A842BA6DEA1001F1610 /* CurrencyConverterFeature+Action.swift in Sources */,
				93C6D7B82B5BA569006E28F7 /* ContentView.swift in Sources */,
				9357DA092B5D9A7E0097673C /* MainViewOld.swift in Sources */,
				9338604B2B8BCA4B0062DBC0 /* CurrencyRateCell.swift in Sources */,
				93335A8C2BA7511B001F1610 /* ContactsFeature.swift in Sources */,
				93335A862BA750F4001F1610 /* ContactsFeature+Action.swift in Sources */,
				93335A922BA751F2001F1610 /* AddContactFeature+Action.swift in Sources */,
				93C6D7B62B5BA569006E28F7 /* MyNBPappApp.swift in Sources */,
				9312DF162B9B346000C3D441 /* TransactionType.swift in Sources */,
				93517C432B88CD99009252E9 /* TestView.swift in Sources */,
				93517C3F2B88CC3E009252E9 /* TestFeature+Action.swift in Sources */,
				93335A9D2BA75331001F1610 /* ContactDetailFeature+State.swift in Sources */,
				930B2EAA2B6694F400BEB7B7 /* SettingsFeature.swift in Sources */,
				9357DA0B2B5D9B4F0097673C /* CurrencyRateView.swift in Sources */,
				93373EC82B88F40800975A6B /* TestFeatureServices.swift in Sources */,
				93335A822BA6DE99001F1610 /* CurrencyConverterFeature+State.swift in Sources */,
				930B2EA22B667BA600BEB7B7 /* AccountFeature+State.swift in Sources */,
				93335A892BA750FA001F1610 /* ContactsFeature+State.swift in Sources */,
				930B2E9E2B667B3D00BEB7B7 /* AccountFeature.swift in Sources */,
				930B2EAC2B66952800BEB7B7 /* SettingsFeature+Action.swift in Sources */,
				93A3EB532B6584BB007BFCDC /* CurrencyCellWithBalance.swift in Sources */,
				938C18A12B9A641000D92D50 /* MainView.swift in Sources */,
				9312DF132B9B209700C3D441 /* CurrencyConverterFeature.swift in Sources */,
				9312DEFD2B9AF8F400C3D441 /* MainFeature.swift in Sources */,
				9357DA102B6065120097673C /* AccountView.swift in Sources */,
				93517C492B88D863009252E9 /* AccountFeatureServices.swift in Sources */,
				9312DF102B9B208800C3D441 /* CurrencyConverterView.swift in Sources */,
				9357DA002B5D31770097673C /* AppTabView.swift in Sources */,
				9357DA022B5D78BD0097673C /* AppSidebarList.swift in Sources */,
				93335A792BA490FA001F1610 /* ContactsFeature+Destination.swift in Sources */,
				93335A772BA465FD001F1610 /* AddContactView.swift in Sources */,
				93335A702BA45F56001F1610 /* Contact.swift in Sources */,
				930B2EAE2B66957800BEB7B7 /* SettingsFeature+State.swift in Sources */,
				9357DA042B5D7AC30097673C /* AppDetailColumn.swift in Sources */,
				93335A972BA75313001F1610 /* ContactDetailFeature.swift in Sources */,
				9312DEFF2B9B001800C3D441 /* GlobalCurrencySymbols.swift in Sources */,
				93335A9B2BA7532A001F1610 /* ContactDetailFeature+Action.swift in Sources */,
				93335A8E2BA751BC001F1610 /* AddContactFeature.swift in Sources */,
				93A3EB512B658318007BFCDC /* CurrencyView.swift in Sources */,
				93E9A8102B6EDBDF00B37B26 /* StatisticView.swift in Sources */,
				93335A942BA751FB001F1610 /* AddContactFeature+State.swift in Sources */,
				930B2EA02B667B5900BEB7B7 /* AccountFeature+Action.swift in Sources */,
				93A3EB4F2B657E6F007BFCDC /* CurrencyBalanceView.swift in Sources */,
				93517C3B2B88CBB7009252E9 /* TestFeature.swift in Sources */,
				9312DF052B9B1D9200C3D441 /* MainFeature+Action.swift in Sources */,
				93335A692BA4560A001F1610 /* ContactDetailView.swift in Sources */,
				93335A6D2BA45F3D001F1610 /* ContactsView.swift in Sources */,
				93EC19442BA2443F00273F13 /* MarketRateView.swift in Sources */,
				9357D9FE2B5D2EFC0097673C /* AppScreen.swift in Sources */,
				93E9A8132B6EE15100B37B26 /* CurrencyRate+Widget.swift in Sources */,
				9357DA0D2B5D9B900097673C /* FavoritesView.swift in Sources */,
				9357DA162B6066F80097673C /* SettingsView.swift in Sources */,
				93517C412B88CCA2009252E9 /* TestFeature+State.swift in Sources */,
				93A3EB572B658655007BFCDC /* MainViewModel.swift in Sources */,
				9312DF022B9B1D5E00C3D441 /* MainFeature+State.swift in Sources */,
			);
			runOnlyForDeploymentPostprocessing = 0;
		};
		93C6D7BE2B5BA56A006E28F7 /* Sources */ = {
			isa = PBXSourcesBuildPhase;
			buildActionMask = 2147483647;
			files = (
				93C6D7C72B5BA56A006E28F7 /* MyNBPappTests.swift in Sources */,
			);
			runOnlyForDeploymentPostprocessing = 0;
		};
		93C6D7C82B5BA56A006E28F7 /* Sources */ = {
			isa = PBXSourcesBuildPhase;
			buildActionMask = 2147483647;
			files = (
				93C6D7D32B5BA56A006E28F7 /* MyNBPappUITestsLaunchTests.swift in Sources */,
				93C6D7D12B5BA56A006E28F7 /* MyNBPappUITests.swift in Sources */,
			);
			runOnlyForDeploymentPostprocessing = 0;
		};
/* End PBXSourcesBuildPhase section */

/* Begin PBXTargetDependency section */
		936775102B7007A600816C92 /* PBXTargetDependency */ = {
			isa = PBXTargetDependency;
			target = 936774FD2B7007A500816C92 /* WidgetNBPExtension */;
			targetProxy = 9367750F2B7007A600816C92 /* PBXContainerItemProxy */;
		};
		93834AD82B7A004B00A5744C /* PBXTargetDependency */ = {
			isa = PBXTargetDependency;
			target = 93834AD22B7A004B00A5744C /* ExchangeRateClient */;
			targetProxy = 93834AD72B7A004B00A5744C /* PBXContainerItemProxy */;
		};
		93834AEB2B7A045400A5744C /* PBXTargetDependency */ = {
			isa = PBXTargetDependency;
			productRef = 93834AEA2B7A045400A5744C /* OpenAPIGenerator */;
		};
		93C6D7C42B5BA56A006E28F7 /* PBXTargetDependency */ = {
			isa = PBXTargetDependency;
			target = 93C6D7B12B5BA569006E28F7 /* MyNBPapp */;
			targetProxy = 93C6D7C32B5BA56A006E28F7 /* PBXContainerItemProxy */;
		};
		93C6D7CE2B5BA56A006E28F7 /* PBXTargetDependency */ = {
			isa = PBXTargetDependency;
			target = 93C6D7B12B5BA569006E28F7 /* MyNBPapp */;
			targetProxy = 93C6D7CD2B5BA56A006E28F7 /* PBXContainerItemProxy */;
		};
/* End PBXTargetDependency section */

/* Begin XCBuildConfiguration section */
		936775132B7007A600816C92 /* Debug */ = {
			isa = XCBuildConfiguration;
			buildSettings = {
				ASSETCATALOG_COMPILER_GLOBAL_ACCENT_COLOR_NAME = AccentColor;
				ASSETCATALOG_COMPILER_WIDGET_BACKGROUND_COLOR_NAME = WidgetBackground;
				CODE_SIGN_STYLE = Automatic;
				CURRENT_PROJECT_VERSION = 1;
				DEVELOPMENT_TEAM = 8RH4482R36;
				GENERATE_INFOPLIST_FILE = YES;
				INFOPLIST_FILE = WidgetNBP/Info.plist;
				INFOPLIST_KEY_CFBundleDisplayName = WidgetNBP;
				INFOPLIST_KEY_NSHumanReadableCopyright = "";
				IPHONEOS_DEPLOYMENT_TARGET = 17.2;
				LD_RUNPATH_SEARCH_PATHS = (
					"$(inherited)",
					"@executable_path/Frameworks",
					"@executable_path/../../Frameworks",
				);
				MARKETING_VERSION = 1.0;
				PRODUCT_BUNDLE_IDENTIFIER = ss.MyNBPapp.WidgetNBP;
				PRODUCT_NAME = "$(TARGET_NAME)";
				SKIP_INSTALL = YES;
				SWIFT_EMIT_LOC_STRINGS = YES;
				SWIFT_VERSION = 5.0;
				TARGETED_DEVICE_FAMILY = "1,2";
			};
			name = Debug;
		};
		936775142B7007A600816C92 /* Release */ = {
			isa = XCBuildConfiguration;
			buildSettings = {
				ASSETCATALOG_COMPILER_GLOBAL_ACCENT_COLOR_NAME = AccentColor;
				ASSETCATALOG_COMPILER_WIDGET_BACKGROUND_COLOR_NAME = WidgetBackground;
				CODE_SIGN_STYLE = Automatic;
				CURRENT_PROJECT_VERSION = 1;
				DEVELOPMENT_TEAM = 8RH4482R36;
				GENERATE_INFOPLIST_FILE = YES;
				INFOPLIST_FILE = WidgetNBP/Info.plist;
				INFOPLIST_KEY_CFBundleDisplayName = WidgetNBP;
				INFOPLIST_KEY_NSHumanReadableCopyright = "";
				IPHONEOS_DEPLOYMENT_TARGET = 17.2;
				LD_RUNPATH_SEARCH_PATHS = (
					"$(inherited)",
					"@executable_path/Frameworks",
					"@executable_path/../../Frameworks",
				);
				MARKETING_VERSION = 1.0;
				PRODUCT_BUNDLE_IDENTIFIER = ss.MyNBPapp.WidgetNBP;
				PRODUCT_NAME = "$(TARGET_NAME)";
				SKIP_INSTALL = YES;
				SWIFT_EMIT_LOC_STRINGS = YES;
				SWIFT_VERSION = 5.0;
				TARGETED_DEVICE_FAMILY = "1,2";
			};
			name = Release;
		};
		93834ADC2B7A004B00A5744C /* Debug */ = {
			isa = XCBuildConfiguration;
			buildSettings = {
				CLANG_ENABLE_MODULES = YES;
				CODE_SIGN_STYLE = Automatic;
				CURRENT_PROJECT_VERSION = 1;
				DEFINES_MODULE = YES;
				DEVELOPMENT_TEAM = 8RH4482R36;
				DYLIB_COMPATIBILITY_VERSION = 1;
				DYLIB_CURRENT_VERSION = 1;
				DYLIB_INSTALL_NAME_BASE = "@rpath";
				ENABLE_MODULE_VERIFIER = YES;
				GENERATE_INFOPLIST_FILE = YES;
				INFOPLIST_KEY_NSHumanReadableCopyright = "";
				INSTALL_PATH = "$(LOCAL_LIBRARY_DIR)/Frameworks";
				IPHONEOS_DEPLOYMENT_TARGET = 17.0;
				LD_RUNPATH_SEARCH_PATHS = (
					"$(inherited)",
					"@executable_path/Frameworks",
					"@loader_path/Frameworks",
				);
				MARKETING_VERSION = 1.0;
				MODULE_VERIFIER_SUPPORTED_LANGUAGES = "objective-c objective-c++";
				MODULE_VERIFIER_SUPPORTED_LANGUAGE_STANDARDS = "gnu17 gnu++20";
				PRODUCT_BUNDLE_IDENTIFIER = ss.ExchangeRateClient;
				PRODUCT_NAME = "$(TARGET_NAME:c99extidentifier)";
				SKIP_INSTALL = YES;
				SWIFT_EMIT_LOC_STRINGS = YES;
				SWIFT_OPTIMIZATION_LEVEL = "-Onone";
				SWIFT_VERSION = 5.0;
				TARGETED_DEVICE_FAMILY = "1,2";
				VERSIONING_SYSTEM = "apple-generic";
				VERSION_INFO_PREFIX = "";
			};
			name = Debug;
		};
		93834ADD2B7A004B00A5744C /* Release */ = {
			isa = XCBuildConfiguration;
			buildSettings = {
				CLANG_ENABLE_MODULES = YES;
				CODE_SIGN_STYLE = Automatic;
				CURRENT_PROJECT_VERSION = 1;
				DEFINES_MODULE = YES;
				DEVELOPMENT_TEAM = 8RH4482R36;
				DYLIB_COMPATIBILITY_VERSION = 1;
				DYLIB_CURRENT_VERSION = 1;
				DYLIB_INSTALL_NAME_BASE = "@rpath";
				ENABLE_MODULE_VERIFIER = YES;
				GENERATE_INFOPLIST_FILE = YES;
				INFOPLIST_KEY_NSHumanReadableCopyright = "";
				INSTALL_PATH = "$(LOCAL_LIBRARY_DIR)/Frameworks";
				IPHONEOS_DEPLOYMENT_TARGET = 17.0;
				LD_RUNPATH_SEARCH_PATHS = (
					"$(inherited)",
					"@executable_path/Frameworks",
					"@loader_path/Frameworks",
				);
				MARKETING_VERSION = 1.0;
				MODULE_VERIFIER_SUPPORTED_LANGUAGES = "objective-c objective-c++";
				MODULE_VERIFIER_SUPPORTED_LANGUAGE_STANDARDS = "gnu17 gnu++20";
				PRODUCT_BUNDLE_IDENTIFIER = ss.ExchangeRateClient;
				PRODUCT_NAME = "$(TARGET_NAME:c99extidentifier)";
				SKIP_INSTALL = YES;
				SWIFT_EMIT_LOC_STRINGS = YES;
				SWIFT_VERSION = 5.0;
				TARGETED_DEVICE_FAMILY = "1,2";
				VERSIONING_SYSTEM = "apple-generic";
				VERSION_INFO_PREFIX = "";
			};
			name = Release;
		};
		93C6D7D42B5BA56A006E28F7 /* Debug */ = {
			isa = XCBuildConfiguration;
			buildSettings = {
				ALWAYS_SEARCH_USER_PATHS = NO;
				ASSETCATALOG_COMPILER_GENERATE_SWIFT_ASSET_SYMBOL_EXTENSIONS = YES;
				CLANG_ANALYZER_NONNULL = YES;
				CLANG_ANALYZER_NUMBER_OBJECT_CONVERSION = YES_AGGRESSIVE;
				CLANG_CXX_LANGUAGE_STANDARD = "gnu++20";
				CLANG_ENABLE_MODULES = YES;
				CLANG_ENABLE_OBJC_ARC = YES;
				CLANG_ENABLE_OBJC_WEAK = YES;
				CLANG_WARN_BLOCK_CAPTURE_AUTORELEASING = YES;
				CLANG_WARN_BOOL_CONVERSION = YES;
				CLANG_WARN_COMMA = YES;
				CLANG_WARN_CONSTANT_CONVERSION = YES;
				CLANG_WARN_DEPRECATED_OBJC_IMPLEMENTATIONS = YES;
				CLANG_WARN_DIRECT_OBJC_ISA_USAGE = YES_ERROR;
				CLANG_WARN_DOCUMENTATION_COMMENTS = YES;
				CLANG_WARN_EMPTY_BODY = YES;
				CLANG_WARN_ENUM_CONVERSION = YES;
				CLANG_WARN_INFINITE_RECURSION = YES;
				CLANG_WARN_INT_CONVERSION = YES;
				CLANG_WARN_NON_LITERAL_NULL_CONVERSION = YES;
				CLANG_WARN_OBJC_IMPLICIT_RETAIN_SELF = YES;
				CLANG_WARN_OBJC_LITERAL_CONVERSION = YES;
				CLANG_WARN_OBJC_ROOT_CLASS = YES_ERROR;
				CLANG_WARN_QUOTED_INCLUDE_IN_FRAMEWORK_HEADER = YES;
				CLANG_WARN_RANGE_LOOP_ANALYSIS = YES;
				CLANG_WARN_STRICT_PROTOTYPES = YES;
				CLANG_WARN_SUSPICIOUS_MOVE = YES;
				CLANG_WARN_UNGUARDED_AVAILABILITY = YES_AGGRESSIVE;
				CLANG_WARN_UNREACHABLE_CODE = YES;
				CLANG_WARN__DUPLICATE_METHOD_MATCH = YES;
				COPY_PHASE_STRIP = NO;
				DEBUG_INFORMATION_FORMAT = dwarf;
				ENABLE_STRICT_OBJC_MSGSEND = YES;
				ENABLE_TESTABILITY = YES;
				ENABLE_USER_SCRIPT_SANDBOXING = YES;
				GCC_C_LANGUAGE_STANDARD = gnu17;
				GCC_DYNAMIC_NO_PIC = NO;
				GCC_NO_COMMON_BLOCKS = YES;
				GCC_OPTIMIZATION_LEVEL = 0;
				GCC_PREPROCESSOR_DEFINITIONS = (
					"DEBUG=1",
					"$(inherited)",
				);
				GCC_WARN_64_TO_32_BIT_CONVERSION = YES;
				GCC_WARN_ABOUT_RETURN_TYPE = YES_ERROR;
				GCC_WARN_UNDECLARED_SELECTOR = YES;
				GCC_WARN_UNINITIALIZED_AUTOS = YES_AGGRESSIVE;
				GCC_WARN_UNUSED_FUNCTION = YES;
				GCC_WARN_UNUSED_VARIABLE = YES;
				IPHONEOS_DEPLOYMENT_TARGET = 17.0;
				LOCALIZATION_PREFERS_STRING_CATALOGS = YES;
				MTL_ENABLE_DEBUG_INFO = INCLUDE_SOURCE;
				MTL_FAST_MATH = YES;
				ONLY_ACTIVE_ARCH = YES;
				SDKROOT = iphoneos;
				SWIFT_ACTIVE_COMPILATION_CONDITIONS = "DEBUG $(inherited)";
				SWIFT_OPTIMIZATION_LEVEL = "-Onone";
			};
			name = Debug;
		};
		93C6D7D52B5BA56A006E28F7 /* Release */ = {
			isa = XCBuildConfiguration;
			buildSettings = {
				ALWAYS_SEARCH_USER_PATHS = NO;
				ASSETCATALOG_COMPILER_GENERATE_SWIFT_ASSET_SYMBOL_EXTENSIONS = YES;
				CLANG_ANALYZER_NONNULL = YES;
				CLANG_ANALYZER_NUMBER_OBJECT_CONVERSION = YES_AGGRESSIVE;
				CLANG_CXX_LANGUAGE_STANDARD = "gnu++20";
				CLANG_ENABLE_MODULES = YES;
				CLANG_ENABLE_OBJC_ARC = YES;
				CLANG_ENABLE_OBJC_WEAK = YES;
				CLANG_WARN_BLOCK_CAPTURE_AUTORELEASING = YES;
				CLANG_WARN_BOOL_CONVERSION = YES;
				CLANG_WARN_COMMA = YES;
				CLANG_WARN_CONSTANT_CONVERSION = YES;
				CLANG_WARN_DEPRECATED_OBJC_IMPLEMENTATIONS = YES;
				CLANG_WARN_DIRECT_OBJC_ISA_USAGE = YES_ERROR;
				CLANG_WARN_DOCUMENTATION_COMMENTS = YES;
				CLANG_WARN_EMPTY_BODY = YES;
				CLANG_WARN_ENUM_CONVERSION = YES;
				CLANG_WARN_INFINITE_RECURSION = YES;
				CLANG_WARN_INT_CONVERSION = YES;
				CLANG_WARN_NON_LITERAL_NULL_CONVERSION = YES;
				CLANG_WARN_OBJC_IMPLICIT_RETAIN_SELF = YES;
				CLANG_WARN_OBJC_LITERAL_CONVERSION = YES;
				CLANG_WARN_OBJC_ROOT_CLASS = YES_ERROR;
				CLANG_WARN_QUOTED_INCLUDE_IN_FRAMEWORK_HEADER = YES;
				CLANG_WARN_RANGE_LOOP_ANALYSIS = YES;
				CLANG_WARN_STRICT_PROTOTYPES = YES;
				CLANG_WARN_SUSPICIOUS_MOVE = YES;
				CLANG_WARN_UNGUARDED_AVAILABILITY = YES_AGGRESSIVE;
				CLANG_WARN_UNREACHABLE_CODE = YES;
				CLANG_WARN__DUPLICATE_METHOD_MATCH = YES;
				COPY_PHASE_STRIP = NO;
				DEBUG_INFORMATION_FORMAT = "dwarf-with-dsym";
				ENABLE_NS_ASSERTIONS = NO;
				ENABLE_STRICT_OBJC_MSGSEND = YES;
				ENABLE_USER_SCRIPT_SANDBOXING = YES;
				GCC_C_LANGUAGE_STANDARD = gnu17;
				GCC_NO_COMMON_BLOCKS = YES;
				GCC_WARN_64_TO_32_BIT_CONVERSION = YES;
				GCC_WARN_ABOUT_RETURN_TYPE = YES_ERROR;
				GCC_WARN_UNDECLARED_SELECTOR = YES;
				GCC_WARN_UNINITIALIZED_AUTOS = YES_AGGRESSIVE;
				GCC_WARN_UNUSED_FUNCTION = YES;
				GCC_WARN_UNUSED_VARIABLE = YES;
				IPHONEOS_DEPLOYMENT_TARGET = 17.0;
				LOCALIZATION_PREFERS_STRING_CATALOGS = YES;
				MTL_ENABLE_DEBUG_INFO = NO;
				MTL_FAST_MATH = YES;
				SDKROOT = iphoneos;
				SWIFT_COMPILATION_MODE = wholemodule;
				VALIDATE_PRODUCT = YES;
			};
			name = Release;
		};
		93C6D7D72B5BA56A006E28F7 /* Debug */ = {
			isa = XCBuildConfiguration;
			buildSettings = {
				ALWAYS_EMBED_SWIFT_STANDARD_LIBRARIES = YES;
				ASSETCATALOG_COMPILER_APPICON_NAME = AppIcon;
				ASSETCATALOG_COMPILER_GLOBAL_ACCENT_COLOR_NAME = AccentColor;
				CODE_SIGN_STYLE = Automatic;
				CURRENT_PROJECT_VERSION = 1;
				DEVELOPMENT_ASSET_PATHS = "\"MyNBPapp/Preview Content\"";
				DEVELOPMENT_TEAM = 8RH4482R36;
				ENABLE_PREVIEWS = YES;
				GENERATE_INFOPLIST_FILE = YES;
				INFOPLIST_KEY_UIApplicationSceneManifest_Generation = YES;
				INFOPLIST_KEY_UIApplicationSupportsIndirectInputEvents = YES;
				INFOPLIST_KEY_UILaunchScreen_Generation = YES;
				INFOPLIST_KEY_UISupportedInterfaceOrientations_iPad = "UIInterfaceOrientationPortrait UIInterfaceOrientationPortraitUpsideDown UIInterfaceOrientationLandscapeLeft UIInterfaceOrientationLandscapeRight";
				INFOPLIST_KEY_UISupportedInterfaceOrientations_iPhone = "UIInterfaceOrientationPortrait UIInterfaceOrientationLandscapeLeft UIInterfaceOrientationLandscapeRight";
				IPHONEOS_DEPLOYMENT_TARGET = 17.0;
				LD_RUNPATH_SEARCH_PATHS = (
					"$(inherited)",
					"@executable_path/Frameworks",
				);
				MARKETING_VERSION = 1.0;
				PRODUCT_BUNDLE_IDENTIFIER = ss.MyNBPapp;
				PRODUCT_NAME = "$(TARGET_NAME)";
				SWIFT_EMIT_LOC_STRINGS = YES;
				SWIFT_VERSION = 5.0;
				TARGETED_DEVICE_FAMILY = "1,2";
			};
			name = Debug;
		};
		93C6D7D82B5BA56A006E28F7 /* Release */ = {
			isa = XCBuildConfiguration;
			buildSettings = {
				ALWAYS_EMBED_SWIFT_STANDARD_LIBRARIES = YES;
				ASSETCATALOG_COMPILER_APPICON_NAME = AppIcon;
				ASSETCATALOG_COMPILER_GLOBAL_ACCENT_COLOR_NAME = AccentColor;
				CODE_SIGN_STYLE = Automatic;
				CURRENT_PROJECT_VERSION = 1;
				DEVELOPMENT_ASSET_PATHS = "\"MyNBPapp/Preview Content\"";
				DEVELOPMENT_TEAM = 8RH4482R36;
				ENABLE_PREVIEWS = YES;
				GENERATE_INFOPLIST_FILE = YES;
				INFOPLIST_KEY_UIApplicationSceneManifest_Generation = YES;
				INFOPLIST_KEY_UIApplicationSupportsIndirectInputEvents = YES;
				INFOPLIST_KEY_UILaunchScreen_Generation = YES;
				INFOPLIST_KEY_UISupportedInterfaceOrientations_iPad = "UIInterfaceOrientationPortrait UIInterfaceOrientationPortraitUpsideDown UIInterfaceOrientationLandscapeLeft UIInterfaceOrientationLandscapeRight";
				INFOPLIST_KEY_UISupportedInterfaceOrientations_iPhone = "UIInterfaceOrientationPortrait UIInterfaceOrientationLandscapeLeft UIInterfaceOrientationLandscapeRight";
				IPHONEOS_DEPLOYMENT_TARGET = 17.0;
				LD_RUNPATH_SEARCH_PATHS = (
					"$(inherited)",
					"@executable_path/Frameworks",
				);
				MARKETING_VERSION = 1.0;
				PRODUCT_BUNDLE_IDENTIFIER = ss.MyNBPapp;
				PRODUCT_NAME = "$(TARGET_NAME)";
				SWIFT_EMIT_LOC_STRINGS = YES;
				SWIFT_VERSION = 5.0;
				TARGETED_DEVICE_FAMILY = "1,2";
			};
			name = Release;
		};
		93C6D7DA2B5BA56A006E28F7 /* Debug */ = {
			isa = XCBuildConfiguration;
			buildSettings = {
				ALWAYS_EMBED_SWIFT_STANDARD_LIBRARIES = YES;
				BUNDLE_LOADER = "$(TEST_HOST)";
				CODE_SIGN_STYLE = Automatic;
				CURRENT_PROJECT_VERSION = 1;
				DEVELOPMENT_TEAM = 8RH4482R36;
				GENERATE_INFOPLIST_FILE = YES;
				IPHONEOS_DEPLOYMENT_TARGET = 17.2;
				MARKETING_VERSION = 1.0;
				PRODUCT_BUNDLE_IDENTIFIER = ss.MyNBPappTests;
				PRODUCT_NAME = "$(TARGET_NAME)";
				SWIFT_EMIT_LOC_STRINGS = NO;
				SWIFT_VERSION = 5.0;
				TARGETED_DEVICE_FAMILY = "1,2";
				TEST_HOST = "$(BUILT_PRODUCTS_DIR)/MyNBPapp.app/$(BUNDLE_EXECUTABLE_FOLDER_PATH)/MyNBPapp";
			};
			name = Debug;
		};
		93C6D7DB2B5BA56A006E28F7 /* Release */ = {
			isa = XCBuildConfiguration;
			buildSettings = {
				ALWAYS_EMBED_SWIFT_STANDARD_LIBRARIES = YES;
				BUNDLE_LOADER = "$(TEST_HOST)";
				CODE_SIGN_STYLE = Automatic;
				CURRENT_PROJECT_VERSION = 1;
				DEVELOPMENT_TEAM = 8RH4482R36;
				GENERATE_INFOPLIST_FILE = YES;
				IPHONEOS_DEPLOYMENT_TARGET = 17.2;
				MARKETING_VERSION = 1.0;
				PRODUCT_BUNDLE_IDENTIFIER = ss.MyNBPappTests;
				PRODUCT_NAME = "$(TARGET_NAME)";
				SWIFT_EMIT_LOC_STRINGS = NO;
				SWIFT_VERSION = 5.0;
				TARGETED_DEVICE_FAMILY = "1,2";
				TEST_HOST = "$(BUILT_PRODUCTS_DIR)/MyNBPapp.app/$(BUNDLE_EXECUTABLE_FOLDER_PATH)/MyNBPapp";
			};
			name = Release;
		};
		93C6D7DD2B5BA56A006E28F7 /* Debug */ = {
			isa = XCBuildConfiguration;
			buildSettings = {
				ALWAYS_EMBED_SWIFT_STANDARD_LIBRARIES = YES;
				CODE_SIGN_STYLE = Automatic;
				CURRENT_PROJECT_VERSION = 1;
				DEVELOPMENT_TEAM = 8RH4482R36;
				GENERATE_INFOPLIST_FILE = YES;
				MARKETING_VERSION = 1.0;
				PRODUCT_BUNDLE_IDENTIFIER = ss.MyNBPappUITests;
				PRODUCT_NAME = "$(TARGET_NAME)";
				SWIFT_EMIT_LOC_STRINGS = NO;
				SWIFT_VERSION = 5.0;
				TARGETED_DEVICE_FAMILY = "1,2";
				TEST_TARGET_NAME = MyNBPapp;
			};
			name = Debug;
		};
		93C6D7DE2B5BA56A006E28F7 /* Release */ = {
			isa = XCBuildConfiguration;
			buildSettings = {
				ALWAYS_EMBED_SWIFT_STANDARD_LIBRARIES = YES;
				CODE_SIGN_STYLE = Automatic;
				CURRENT_PROJECT_VERSION = 1;
				DEVELOPMENT_TEAM = 8RH4482R36;
				GENERATE_INFOPLIST_FILE = YES;
				MARKETING_VERSION = 1.0;
				PRODUCT_BUNDLE_IDENTIFIER = ss.MyNBPappUITests;
				PRODUCT_NAME = "$(TARGET_NAME)";
				SWIFT_EMIT_LOC_STRINGS = NO;
				SWIFT_VERSION = 5.0;
				TARGETED_DEVICE_FAMILY = "1,2";
				TEST_TARGET_NAME = MyNBPapp;
			};
			name = Release;
		};
/* End XCBuildConfiguration section */

/* Begin XCConfigurationList section */
		936775152B7007A600816C92 /* Build configuration list for PBXNativeTarget "WidgetNBPExtension" */ = {
			isa = XCConfigurationList;
			buildConfigurations = (
				936775132B7007A600816C92 /* Debug */,
				936775142B7007A600816C92 /* Release */,
			);
			defaultConfigurationIsVisible = 0;
			defaultConfigurationName = Release;
		};
		93834ADE2B7A004B00A5744C /* Build configuration list for PBXNativeTarget "ExchangeRateClient" */ = {
			isa = XCConfigurationList;
			buildConfigurations = (
				93834ADC2B7A004B00A5744C /* Debug */,
				93834ADD2B7A004B00A5744C /* Release */,
			);
			defaultConfigurationIsVisible = 0;
			defaultConfigurationName = Release;
		};
		93C6D7AD2B5BA569006E28F7 /* Build configuration list for PBXProject "MyNBPapp" */ = {
			isa = XCConfigurationList;
			buildConfigurations = (
				93C6D7D42B5BA56A006E28F7 /* Debug */,
				93C6D7D52B5BA56A006E28F7 /* Release */,
			);
			defaultConfigurationIsVisible = 0;
			defaultConfigurationName = Release;
		};
		93C6D7D62B5BA56A006E28F7 /* Build configuration list for PBXNativeTarget "MyNBPapp" */ = {
			isa = XCConfigurationList;
			buildConfigurations = (
				93C6D7D72B5BA56A006E28F7 /* Debug */,
				93C6D7D82B5BA56A006E28F7 /* Release */,
			);
			defaultConfigurationIsVisible = 0;
			defaultConfigurationName = Release;
		};
		93C6D7D92B5BA56A006E28F7 /* Build configuration list for PBXNativeTarget "MyNBPappTests" */ = {
			isa = XCConfigurationList;
			buildConfigurations = (
				93C6D7DA2B5BA56A006E28F7 /* Debug */,
				93C6D7DB2B5BA56A006E28F7 /* Release */,
			);
			defaultConfigurationIsVisible = 0;
			defaultConfigurationName = Release;
		};
		93C6D7DC2B5BA56A006E28F7 /* Build configuration list for PBXNativeTarget "MyNBPappUITests" */ = {
			isa = XCConfigurationList;
			buildConfigurations = (
				93C6D7DD2B5BA56A006E28F7 /* Debug */,
				93C6D7DE2B5BA56A006E28F7 /* Release */,
			);
			defaultConfigurationIsVisible = 0;
			defaultConfigurationName = Release;
		};
/* End XCConfigurationList section */

/* Begin XCRemoteSwiftPackageReference section */
		930B2EB12B68506D00BEB7B7 /* XCRemoteSwiftPackageReference "Factory" */ = {
			isa = XCRemoteSwiftPackageReference;
			repositoryURL = "https://github.com/hmlongco/Factory.git";
			requirement = {
				kind = exactVersion;
				version = 2.3.1;
			};
		};
		9357DA642B63CEB30097673C /* XCRemoteSwiftPackageReference "swift-composable-architecture" */ = {
			isa = XCRemoteSwiftPackageReference;
			repositoryURL = "https://github.com/pointfreeco/swift-composable-architecture.git";
			requirement = {
				kind = exactVersion;
				version = 1.8.2;
			};
		};
		93834ADF2B7A006C00A5744C /* XCRemoteSwiftPackageReference "swift-openapi-generator" */ = {
			isa = XCRemoteSwiftPackageReference;
			repositoryURL = "https://github.com/apple/swift-openapi-generator";
			requirement = {
				kind = upToNextMajorVersion;
				minimumVersion = 1.2.0;
			};
		};
		93834AE02B7A00EC00A5744C /* XCRemoteSwiftPackageReference "swift-openapi-runtime" */ = {
			isa = XCRemoteSwiftPackageReference;
			repositoryURL = "https://github.com/apple/swift-openapi-runtime";
			requirement = {
				kind = upToNextMajorVersion;
				minimumVersion = 1.3.2;
			};
		};
		93834AE72B7A044900A5744C /* XCRemoteSwiftPackageReference "swift-openapi-urlsession" */ = {
			isa = XCRemoteSwiftPackageReference;
			repositoryURL = "https://github.com/apple/swift-openapi-urlsession";
			requirement = {
				kind = upToNextMajorVersion;
				minimumVersion = 1.0.1;
			};
		};
/* End XCRemoteSwiftPackageReference section */

/* Begin XCSwiftPackageProductDependency section */
		930B2EB22B68506D00BEB7B7 /* Factory */ = {
			isa = XCSwiftPackageProductDependency;
			package = 930B2EB12B68506D00BEB7B7 /* XCRemoteSwiftPackageReference "Factory" */;
			productName = Factory;
		};
		9357DA652B63CEB30097673C /* ComposableArchitecture */ = {
			isa = XCSwiftPackageProductDependency;
			package = 9357DA642B63CEB30097673C /* XCRemoteSwiftPackageReference "swift-composable-architecture" */;
			productName = ComposableArchitecture;
		};
		9357DA682B63CF240097673C /* Commons */ = {
			isa = XCSwiftPackageProductDependency;
			productName = Commons;
		};
		9357DA6A2B63CF2A0097673C /* DataModels */ = {
			isa = XCSwiftPackageProductDependency;
			productName = DataModels;
		};
		9357DA6C2B63CF2E0097673C /* Services */ = {
			isa = XCSwiftPackageProductDependency;
			productName = Services;
		};
		93834AE12B7A00EC00A5744C /* OpenAPIRuntime */ = {
			isa = XCSwiftPackageProductDependency;
			package = 93834AE02B7A00EC00A5744C /* XCRemoteSwiftPackageReference "swift-openapi-runtime" */;
			productName = OpenAPIRuntime;
		};
		93834AE82B7A044900A5744C /* OpenAPIURLSession */ = {
			isa = XCSwiftPackageProductDependency;
			package = 93834AE72B7A044900A5744C /* XCRemoteSwiftPackageReference "swift-openapi-urlsession" */;
			productName = OpenAPIURLSession;
		};
		93834AEA2B7A045400A5744C /* OpenAPIGenerator */ = {
			isa = XCSwiftPackageProductDependency;
			package = 93834ADF2B7A006C00A5744C /* XCRemoteSwiftPackageReference "swift-openapi-generator" */;
			productName = "plugin:OpenAPIGenerator";
		};
		93A3EB4B2B640291007BFCDC /* MonumentKit */ = {
			isa = XCSwiftPackageProductDependency;
			productName = MonumentKit;
		};
/* End XCSwiftPackageProductDependency section */
	};
	rootObject = 93C6D7AA2B5BA569006E28F7 /* Project object */;
}
